// !$*UTF8*$!
{
	archiveVersion = 1;
	classes = {
	};
	objectVersion = 56;
	objects = {

/* Begin PBXBuildFile section */
		6918587C2ACC323B0029C065 /* CheckForUpdatesViewModel.swift in Sources */ = {isa = PBXBuildFile; fileRef = 6918587B2ACC323B0029C065 /* CheckForUpdatesViewModel.swift */; };
		6918587F2ACC35720029C065 /* Sparkle in Frameworks */ = {isa = PBXBuildFile; productRef = 6918587E2ACC35720029C065 /* Sparkle */; };
		691858822ACC529D0029C065 /* CheckForUpdatesView.swift in Sources */ = {isa = PBXBuildFile; fileRef = 691858812ACC529D0029C065 /* CheckForUpdatesView.swift */; };
		695C8A1F2A6A0DA600C621E2 /* MenuBarManager.swift in Sources */ = {isa = PBXBuildFile; fileRef = 695C8A1D2A6A0CFE00C621E2 /* MenuBarManager.swift */; };
		695C8A2B2A6B892F00C621E2 /* MSection.swift in Sources */ = {isa = PBXBuildFile; fileRef = 695C8A2A2A6B892F00C621E2 /* MSection.swift */; };
		695C8A2F2A6BCCD000C621E2 /* Constants.swift in Sources */ = {isa = PBXBuildFile; fileRef = 695C8A2E2A6BCCD000C621E2 /* Constants.swift */; };
		696B6B6B29E16F5900845C71 /* KeyboardShortcuts in Frameworks */ = {isa = PBXBuildFile; productRef = 696B6B6A29E16F5900845C71 /* KeyboardShortcuts */; };
		696B6B6F29E16FA100845C71 /* HotKeyManager.swift in Sources */ = {isa = PBXBuildFile; fileRef = 696B6B6E29E16FA100845C71 /* HotKeyManager.swift */; };
		696B6B7229E16FF100845C71 /* KeyboardShortcuts in Frameworks */ = {isa = PBXBuildFile; productRef = 696B6B7129E16FF100845C71 /* KeyboardShortcuts */; };
		696B6B7429E1702500845C71 /* HotKeyConstants.swift in Sources */ = {isa = PBXBuildFile; fileRef = 696B6B7329E1702500845C71 /* HotKeyConstants.swift */; };
		696B6B7729E178D300845C71 /* MainView.swift in Sources */ = {isa = PBXBuildFile; fileRef = 696B6B7629E178D300845C71 /* MainView.swift */; };
		696B6B7929E179BC00845C71 /* SettingView.swift in Sources */ = {isa = PBXBuildFile; fileRef = 696B6B7829E179BC00845C71 /* SettingView.swift */; };
		696B6B7B29E17A7C00845C71 /* ModelSelectionManager.swift in Sources */ = {isa = PBXBuildFile; fileRef = 696B6B7A29E17A7C00845C71 /* ModelSelectionManager.swift */; };
		696B6B7D29E17ABD00845C71 /* KeyboardShortcutManager.swift in Sources */ = {isa = PBXBuildFile; fileRef = 696B6B7C29E17ABD00845C71 /* KeyboardShortcutManager.swift */; };
		696B6B7F29E17D4B00845C71 /* APIKeyManager.swift in Sources */ = {isa = PBXBuildFile; fileRef = 696B6B7E29E17D4B00845C71 /* APIKeyManager.swift */; };
		696B6B8129E187B000845C71 /* AppInfo.swift in Sources */ = {isa = PBXBuildFile; fileRef = 696B6B8029E187B000845C71 /* AppInfo.swift */; };
		696B6B8329E188B500845C71 /* DataManager.swift in Sources */ = {isa = PBXBuildFile; fileRef = 696B6B8229E188B500845C71 /* DataManager.swift */; };
		696B6B8529E18AF800845C71 /* ConversationPreferenceView.swift in Sources */ = {isa = PBXBuildFile; fileRef = 696B6B8429E18AF800845C71 /* ConversationPreferenceView.swift */; };
		696B6B8729E1911300845C71 /* PathManager.swift in Sources */ = {isa = PBXBuildFile; fileRef = 696B6B8629E1911300845C71 /* PathManager.swift */; };
		696B6B8929E1953500845C71 /* MacContentView.swift in Sources */ = {isa = PBXBuildFile; fileRef = 696B6B8829E1953500845C71 /* MacContentView.swift */; };
		696B6B8B29E1A34A00845C71 /* ConversationViewModel.swift in Sources */ = {isa = PBXBuildFile; fileRef = 696B6B8A29E1A34A00845C71 /* ConversationViewModel.swift */; };
		696B6B8E29E1D96800845C71 /* ChatView.swift in Sources */ = {isa = PBXBuildFile; fileRef = 696B6B8D29E1D96800845C71 /* ChatView.swift */; };
		696B6B9029E2907700845C71 /* Color.swift in Sources */ = {isa = PBXBuildFile; fileRef = 696B6B8F29E2907700845C71 /* Color.swift */; };
		696B6B9229E29E3900845C71 /* Themes.swift in Sources */ = {isa = PBXBuildFile; fileRef = 696B6B9129E29E3900845C71 /* Themes.swift */; };
		696B6B9429E2AEA100845C71 /* CommandDetailView.swift in Sources */ = {isa = PBXBuildFile; fileRef = 696B6B9329E2AEA100845C71 /* CommandDetailView.swift */; };
		696B6B9729E2B2A700845C71 /* PurpleButtonStyle.swift in Sources */ = {isa = PBXBuildFile; fileRef = 696B6B9629E2B2A700845C71 /* PurpleButtonStyle.swift */; };
		696B6B9929E400AF00845C71 /* InputEditor.swift in Sources */ = {isa = PBXBuildFile; fileRef = 696B6B9829E400AF00845C71 /* InputEditor.swift */; };
		696B6B9B29E67F3300845C71 /* MyTextField.swift in Sources */ = {isa = PBXBuildFile; fileRef = 696B6B9A29E67F3300845C71 /* MyTextField.swift */; };
		696B6B9D29E7CAFA00845C71 /* RoundedButtonStyle.swift in Sources */ = {isa = PBXBuildFile; fileRef = 696B6B9C29E7CAFA00845C71 /* RoundedButtonStyle.swift */; };
		696B6BA029EAD2E100845C71 /* KeyEvents.swift in Sources */ = {isa = PBXBuildFile; fileRef = 696B6B9F29EAD2E100845C71 /* KeyEvents.swift */; };
		696B6BA329EB10E600845C71 /* KeyAction.swift in Sources */ = {isa = PBXBuildFile; fileRef = 696B6BA229EB10E600845C71 /* KeyAction.swift */; };
		696B6BA529EB26D900845C71 /* ConfigurableHeaderView.swift in Sources */ = {isa = PBXBuildFile; fileRef = 696B6BA429EB26D900845C71 /* ConfigurableHeaderView.swift */; };
		696B6BA729EB29AD00845C71 /* PlainButton.swift in Sources */ = {isa = PBXBuildFile; fileRef = 696B6BA629EB29AD00845C71 /* PlainButton.swift */; };
		696B6BA929EC055C00845C71 /* SelectedText.swift in Sources */ = {isa = PBXBuildFile; fileRef = 696B6BA829EC055C00845C71 /* SelectedText.swift */; };
		696B6BAC29EC160700845C71 /* StartupPasteboardManager.swift in Sources */ = {isa = PBXBuildFile; fileRef = 696B6BAB29EC160700845C71 /* StartupPasteboardManager.swift */; };
		696B6BAF29EC41AF00845C71 /* MarkdownUI in Frameworks */ = {isa = PBXBuildFile; productRef = 696B6BAE29EC41AF00845C71 /* MarkdownUI */; };
		696B6BB129EC424400845C71 /* MarkdownUI in Frameworks */ = {isa = PBXBuildFile; productRef = 696B6BB029EC424400845C71 /* MarkdownUI */; };
		696B6BB329EC427800845C71 /* MarkdownUI in Frameworks */ = {isa = PBXBuildFile; productRef = 696B6BB229EC427800845C71 /* MarkdownUI */; };
		696B6BB629EC428400845C71 /* MarkdownUI in Frameworks */ = {isa = PBXBuildFile; productRef = 696B6BB529EC428400845C71 /* MarkdownUI */; };
		696B6BB829EC4BE100845C71 /* MainViewModel.swift in Sources */ = {isa = PBXBuildFile; fileRef = 696B6BB729EC4BE100845C71 /* MainViewModel.swift */; };
		696B6BBD29F10A8000845C71 /* GPTEncoder in Frameworks */ = {isa = PBXBuildFile; productRef = 696B6BBC29F10A8000845C71 /* GPTEncoder */; };
		696B6BBF29F1178900845C71 /* MessageExtension.swift in Sources */ = {isa = PBXBuildFile; fileRef = 696B6BBE29F1178900845C71 /* MessageExtension.swift */; };
		696B6BC229F219A800845C71 /* PromptPlayground.swift in Sources */ = {isa = PBXBuildFile; fileRef = 696B6BC129F219A800845C71 /* PromptPlayground.swift */; };
		696B6BC429F21B7600845C71 /* PromptStore.swift in Sources */ = {isa = PBXBuildFile; fileRef = 696B6BC329F21B7600845C71 /* PromptStore.swift */; };
		696B6BC629F21B9D00845C71 /* PromptTemplate.swift in Sources */ = {isa = PBXBuildFile; fileRef = 696B6BC529F21B9D00845C71 /* PromptTemplate.swift */; };
		696B6BC829F23C0B00845C71 /* QuickOpen.swift in Sources */ = {isa = PBXBuildFile; fileRef = 696B6BC729F23C0B00845C71 /* QuickOpen.swift */; };
		696B6BCA29F23D4100845C71 /* AppQuickOpen.swift in Sources */ = {isa = PBXBuildFile; fileRef = 696B6BC929F23D4100845C71 /* AppQuickOpen.swift */; };
		696B6BCD29F418B100845C71 /* AlertToast in Frameworks */ = {isa = PBXBuildFile; productRef = 696B6BCC29F418B100845C71 /* AlertToast */; };
		696B6BCF29F418C200845C71 /* AlertToast in Frameworks */ = {isa = PBXBuildFile; productRef = 696B6BCE29F418C200845C71 /* AlertToast */; };
		696B6BD129F447FF00845C71 /* prompts_zh.json in Resources */ = {isa = PBXBuildFile; fileRef = 696B6BD029F447FF00845C71 /* prompts_zh.json */; };
		696B6BD429F6A31800845C71 /* gptexpir.xcdatamodeld in Sources */ = {isa = PBXBuildFile; fileRef = 696B6BD229F6A31700845C71 /* gptexpir.xcdatamodeld */; };
		696B6BD629F6A33000845C71 /* Persistence.swift in Sources */ = {isa = PBXBuildFile; fileRef = 696B6BD529F6A33000845C71 /* Persistence.swift */; };
		696B6BD929F6BA4100845C71 /* GPTConversationExtensions.swift in Sources */ = {isa = PBXBuildFile; fileRef = 696B6BD829F6BA4100845C71 /* GPTConversationExtensions.swift */; };
		696B6BDB29F77B8700845C71 /* GPTAnswerExtensions.swift in Sources */ = {isa = PBXBuildFile; fileRef = 696B6BDA29F77B8700845C71 /* GPTAnswerExtensions.swift */; };
		696B6BDD29F8A6B300845C71 /* DropdownView.swift in Sources */ = {isa = PBXBuildFile; fileRef = 696B6BDC29F8A6B300845C71 /* DropdownView.swift */; };
		696B6BDF29FAD22B00845C71 /* Globals.swift in Sources */ = {isa = PBXBuildFile; fileRef = 696B6BDE29FAD22B00845C71 /* Globals.swift */; };
		696B6BE129FAD8DB00845C71 /* CommandKeyView.swift in Sources */ = {isa = PBXBuildFile; fileRef = 696B6BE029FAD8DB00845C71 /* CommandKeyView.swift */; };
		696B6BE429FAE42900845C71 /* CommandKeyMonitor.swift in Sources */ = {isa = PBXBuildFile; fileRef = 696B6BE329FAE42900845C71 /* CommandKeyMonitor.swift */; };
		696B6BE629FAE82F00845C71 /* GlobalConfig.swift in Sources */ = {isa = PBXBuildFile; fileRef = 696B6BE529FAE82F00845C71 /* GlobalConfig.swift */; };
		696B6BE829FAEB9C00845C71 /* KeyUtils.swift in Sources */ = {isa = PBXBuildFile; fileRef = 696B6BE729FAEB9C00845C71 /* KeyUtils.swift */; };
		696B6BEB29FB77EC00845C71 /* ElegantEmojiPicker in Frameworks */ = {isa = PBXBuildFile; productRef = 696B6BEA29FB77EC00845C71 /* ElegantEmojiPicker */; };
		696B6BF629FB969100845C71 /* EmojiData.swift in Sources */ = {isa = PBXBuildFile; fileRef = 696B6BEF29FB969100845C71 /* EmojiData.swift */; };
		696B6BF729FB969100845C71 /* Emoji.swift in Sources */ = {isa = PBXBuildFile; fileRef = 696B6BF129FB969100845C71 /* Emoji.swift */; };
		696B6BF829FB969100845C71 /* EmojiSearchView.swift in Sources */ = {isa = PBXBuildFile; fileRef = 696B6BF329FB969100845C71 /* EmojiSearchView.swift */; };
		696B6BF929FB969100845C71 /* EmojiPickerView.swift in Sources */ = {isa = PBXBuildFile; fileRef = 696B6BF429FB969100845C71 /* EmojiPickerView.swift */; };
		696B6BFA29FB969100845C71 /* EmojiCategoryView.swift in Sources */ = {isa = PBXBuildFile; fileRef = 696B6BF529FB969100845C71 /* EmojiCategoryView.swift */; };
		696B6BFD29FB976800845C71 /* EmojiPickerViewModel.swift in Sources */ = {isa = PBXBuildFile; fileRef = 696B6BFC29FB976800845C71 /* EmojiPickerViewModel.swift */; };
		696B6BFF29FB9AB200845C71 /* emoji_metadata.json in Resources */ = {isa = PBXBuildFile; fileRef = 696B6BFE29FB9AB200845C71 /* emoji_metadata.json */; };
		696B6C0129FBA58100845C71 /* EmojiCategoryTabView.swift in Sources */ = {isa = PBXBuildFile; fileRef = 696B6C0029FBA58100845C71 /* EmojiCategoryTabView.swift */; };
		696B6C0329FBA7F300845C71 /* EmojiPickerPopoverView.swift in Sources */ = {isa = PBXBuildFile; fileRef = 696B6C0229FBA7F300845C71 /* EmojiPickerPopoverView.swift */; };
		696B6C0529FC9F8F00845C71 /* EmojiButtonStyle.swift in Sources */ = {isa = PBXBuildFile; fileRef = 696B6C0429FC9F8F00845C71 /* EmojiButtonStyle.swift */; };
		696B6C9E2A01E63B00845C71 /* RecordManager.swift in Sources */ = {isa = PBXBuildFile; fileRef = 696B6C9D2A01E63B00845C71 /* RecordManager.swift */; };
		696B6CA02A01F14F00845C71 /* ConversationIconView.swift in Sources */ = {isa = PBXBuildFile; fileRef = 696B6C9F2A01F14F00845C71 /* ConversationIconView.swift */; };
		696B6CA22A035A7100845C71 /* EmojiManager.swift in Sources */ = {isa = PBXBuildFile; fileRef = 696B6CA12A035A7100845C71 /* EmojiManager.swift */; };
		696B6CA42A05F45700845C71 /* StringExtensions.swift in Sources */ = {isa = PBXBuildFile; fileRef = 696B6CA32A05F45700845C71 /* StringExtensions.swift */; };
		698C5ACF2A0F1D60007C046A /* Initializer.swift in Sources */ = {isa = PBXBuildFile; fileRef = 698C5ACE2A0F1D60007C046A /* Initializer.swift */; };
		698C5AD22A108E09007C046A /* NewFeatureIntroductionView.swift in Sources */ = {isa = PBXBuildFile; fileRef = 698C5AD12A108E09007C046A /* NewFeatureIntroductionView.swift */; };
		698C5AD42A1093D2007C046A /* StartUpButtonStyle.swift in Sources */ = {isa = PBXBuildFile; fileRef = 698C5AD32A1093D2007C046A /* StartUpButtonStyle.swift */; };
		698C5AD62A10AC08007C046A /* TypingInPlace.swift in Sources */ = {isa = PBXBuildFile; fileRef = 698C5AD52A10AC08007C046A /* TypingInPlace.swift */; };
		698C5ADA2A13D10B007C046A /* Utils.swift in Sources */ = {isa = PBXBuildFile; fileRef = 698C5AD92A13D10B007C046A /* Utils.swift */; };
		698C5ADC2A14D85C007C046A /* Localizable.strings in Resources */ = {isa = PBXBuildFile; fileRef = 698C5ADB2A14D85C007C046A /* Localizable.strings */; };
		698C5AE12A14D94F007C046A /* Localizable.strings in Resources */ = {isa = PBXBuildFile; fileRef = 698C5ADF2A14D94F007C046A /* Localizable.strings */; };
		698C5AE32A166ECB007C046A /* prompts.json in Resources */ = {isa = PBXBuildFile; fileRef = 698C5AE22A166ECB007C046A /* prompts.json */; };
		698C5AE62A1698A9007C046A /* LanguageOptions.swift in Sources */ = {isa = PBXBuildFile; fileRef = 698C5AE52A1698A9007C046A /* LanguageOptions.swift */; };
		698C5AE82A16A719007C046A /* AppShortcuts.swift in Sources */ = {isa = PBXBuildFile; fileRef = 698C5AE72A16A719007C046A /* AppShortcuts.swift */; };
		698C5AEA2A16ABA3007C046A /* KeyMonitorManager.swift in Sources */ = {isa = PBXBuildFile; fileRef = 698C5AE92A16ABA3007C046A /* KeyMonitorManager.swift */; };
		698C5AEC2A17BB0F007C046A /* PreferenceInitializerView.swift in Sources */ = {isa = PBXBuildFile; fileRef = 698C5AEB2A17BB0F007C046A /* PreferenceInitializerView.swift */; };
		698C5AEE2A19C5EF007C046A /* StartUpView.swift in Sources */ = {isa = PBXBuildFile; fileRef = 698C5AED2A19C5EF007C046A /* StartUpView.swift */; };
		69DEEE662A65A86C009840C6 /* GoogleService-Info.plist in Resources */ = {isa = PBXBuildFile; fileRef = 69DEEE652A65A86C009840C6 /* GoogleService-Info.plist */; };
		69DEEE692A65AA3B009840C6 /* FirebaseAnalytics in Frameworks */ = {isa = PBXBuildFile; productRef = 69DEEE682A65AA3B009840C6 /* FirebaseAnalytics */; };
		69DEEE6B2A65AA3B009840C6 /* FirebaseAnalyticsSwift in Frameworks */ = {isa = PBXBuildFile; productRef = 69DEEE6A2A65AA3B009840C6 /* FirebaseAnalyticsSwift */; };
		69DEEE6D2A65B568009840C6 /* FirebaseAnalytics in Frameworks */ = {isa = PBXBuildFile; productRef = 69DEEE6C2A65B568009840C6 /* FirebaseAnalytics */; };
		69DEEE6F2A65B568009840C6 /* FirebaseAnalyticsSwift in Frameworks */ = {isa = PBXBuildFile; productRef = 69DEEE6E2A65B568009840C6 /* FirebaseAnalyticsSwift */; };
		69DEEE732A65B641009840C6 /* FirebaseCrashlytics in Frameworks */ = {isa = PBXBuildFile; productRef = 69DEEE722A65B641009840C6 /* FirebaseCrashlytics */; };
		69E1FA7C2A7497390081D42A /* WindowManager.swift in Sources */ = {isa = PBXBuildFile; fileRef = 69E1FA7B2A7497390081D42A /* WindowManager.swift */; };
		69E1FA7E2A74AB6E0081D42A /* Bard.swift in Sources */ = {isa = PBXBuildFile; fileRef = 69E1FA7D2A74AB6D0081D42A /* Bard.swift */; };
		69E1FA812A768C0F0081D42A /* BardStore.swift in Sources */ = {isa = PBXBuildFile; fileRef = 69E1FA802A768C0F0081D42A /* BardStore.swift */; };
		69E1FA832A768D5F0081D42A /* BardView.swift in Sources */ = {isa = PBXBuildFile; fileRef = 69E1FA822A768D5F0081D42A /* BardView.swift */; };
		69E1FA852A76926B0081D42A /* bard_response.json in Resources */ = {isa = PBXBuildFile; fileRef = 69E1FA842A76926B0081D42A /* bard_response.json */; };
		69E1FA882A76AFF20081D42A /* KeyablePanel.swift in Sources */ = {isa = PBXBuildFile; fileRef = 69E1FA872A76AFF20081D42A /* KeyablePanel.swift */; };
		69E1FA8A2A76B0170081D42A /* SpotlightWindowController.swift in Sources */ = {isa = PBXBuildFile; fileRef = 69E1FA892A76B0170081D42A /* SpotlightWindowController.swift */; };
		8B057585298E52C000A56C9A /* XCAChatGPTMacApp.swift in Sources */ = {isa = PBXBuildFile; fileRef = 8B057584298E52C000A56C9A /* XCAChatGPTMacApp.swift */; };
		8B057589298E52C000A56C9A /* Assets.xcassets in Resources */ = {isa = PBXBuildFile; fileRef = 8B057588298E52C000A56C9A /* Assets.xcassets */; };
		8B05758C298E52C000A56C9A /* Preview Assets.xcassets in Resources */ = {isa = PBXBuildFile; fileRef = 8B05758B298E52C000A56C9A /* Preview Assets.xcassets */; };
		8B057592298E52D900A56C9A /* DotLoadingView.swift in Sources */ = {isa = PBXBuildFile; fileRef = 8B91C017298ADF4E0079AF26 /* DotLoadingView.swift */; };
		8B057593298E52D900A56C9A /* ChatGPTAPI.swift in Sources */ = {isa = PBXBuildFile; fileRef = 8B91C011298AD0CE0079AF26 /* ChatGPTAPI.swift */; };
		8B057594298E52D900A56C9A /* ContentView.swift in Sources */ = {isa = PBXBuildFile; fileRef = 8B91C005298AD09E0079AF26 /* ContentView.swift */; };
		8B057595298E52D900A56C9A /* MessageRowView.swift in Sources */ = {isa = PBXBuildFile; fileRef = 8B91C019298ADF7F0079AF26 /* MessageRowView.swift */; };
		8B057596298E52DD00A56C9A /* ViewModel.swift in Sources */ = {isa = PBXBuildFile; fileRef = 8B91C013298ADC560079AF26 /* ViewModel.swift */; };
		8B057597298E52DD00A56C9A /* MessageRow.swift in Sources */ = {isa = PBXBuildFile; fileRef = 8B91C015298ADC9D0079AF26 /* MessageRow.swift */; };
		8B0575F1298FA9D800A56C9A /* XCAChatGPTWatch Watch App.app in Embed Watch Content */ = {isa = PBXBuildFile; fileRef = 8B0575F0298FA9D800A56C9A /* XCAChatGPTWatch Watch App.app */; settings = {ATTRIBUTES = (RemoveHeadersOnCopy, ); }; };
		8B0575F6298FA9D800A56C9A /* XCAChatGPTWatchApp.swift in Sources */ = {isa = PBXBuildFile; fileRef = 8B0575F5298FA9D800A56C9A /* XCAChatGPTWatchApp.swift */; };
		8B0575FA298FA9DA00A56C9A /* Assets.xcassets in Resources */ = {isa = PBXBuildFile; fileRef = 8B0575F9298FA9DA00A56C9A /* Assets.xcassets */; };
		8B0575FD298FA9DA00A56C9A /* Preview Assets.xcassets in Resources */ = {isa = PBXBuildFile; fileRef = 8B0575FC298FA9DA00A56C9A /* Preview Assets.xcassets */; };
		8B057605298FA9E900A56C9A /* ContentView.swift in Sources */ = {isa = PBXBuildFile; fileRef = 8B91C005298AD09E0079AF26 /* ContentView.swift */; };
		8B057606298FA9E900A56C9A /* MessageRowView.swift in Sources */ = {isa = PBXBuildFile; fileRef = 8B91C019298ADF7F0079AF26 /* MessageRowView.swift */; };
		8B057607298FA9E900A56C9A /* ViewModel.swift in Sources */ = {isa = PBXBuildFile; fileRef = 8B91C013298ADC560079AF26 /* ViewModel.swift */; };
		8B057608298FA9E900A56C9A /* DotLoadingView.swift in Sources */ = {isa = PBXBuildFile; fileRef = 8B91C017298ADF4E0079AF26 /* DotLoadingView.swift */; };
		8B057609298FA9E900A56C9A /* MessageRow.swift in Sources */ = {isa = PBXBuildFile; fileRef = 8B91C015298ADC9D0079AF26 /* MessageRow.swift */; };
		8B05760A298FA9E900A56C9A /* ChatGPTAPI.swift in Sources */ = {isa = PBXBuildFile; fileRef = 8B91C011298AD0CE0079AF26 /* ChatGPTAPI.swift */; };
		8B057614298FBDB600A56C9A /* XCAChatGPTTVApp.swift in Sources */ = {isa = PBXBuildFile; fileRef = 8B057613298FBDB600A56C9A /* XCAChatGPTTVApp.swift */; };
		8B057618298FBDB700A56C9A /* Assets.xcassets in Resources */ = {isa = PBXBuildFile; fileRef = 8B057617298FBDB700A56C9A /* Assets.xcassets */; };
		8B05761B298FBDB700A56C9A /* Preview Assets.xcassets in Resources */ = {isa = PBXBuildFile; fileRef = 8B05761A298FBDB700A56C9A /* Preview Assets.xcassets */; };
		8B05761F298FBE0400A56C9A /* ChatGPTAPI.swift in Sources */ = {isa = PBXBuildFile; fileRef = 8B91C011298AD0CE0079AF26 /* ChatGPTAPI.swift */; };
		8B057620298FBE0400A56C9A /* ContentView.swift in Sources */ = {isa = PBXBuildFile; fileRef = 8B91C005298AD09E0079AF26 /* ContentView.swift */; };
		8B057621298FBE0400A56C9A /* MessageRow.swift in Sources */ = {isa = PBXBuildFile; fileRef = 8B91C015298ADC9D0079AF26 /* MessageRow.swift */; };
		8B057622298FBE0400A56C9A /* MessageRowView.swift in Sources */ = {isa = PBXBuildFile; fileRef = 8B91C019298ADF7F0079AF26 /* MessageRowView.swift */; };
		8B057623298FBE0400A56C9A /* DotLoadingView.swift in Sources */ = {isa = PBXBuildFile; fileRef = 8B91C017298ADF4E0079AF26 /* DotLoadingView.swift */; };
		8B057624298FBE0400A56C9A /* ViewModel.swift in Sources */ = {isa = PBXBuildFile; fileRef = 8B91C013298ADC560079AF26 /* ViewModel.swift */; };
		8B05764829909A9200A56C9A /* ScrollView.swift in Sources */ = {isa = PBXBuildFile; fileRef = 8B05764729909A9200A56C9A /* ScrollView.swift */; };
		8B612E2529D68CC9008DF5AF /* TextView.swift in Sources */ = {isa = PBXBuildFile; fileRef = 8B612E2229D68CC9008DF5AF /* TextView.swift */; };
		8B612E2629D68CC9008DF5AF /* TokenizerView.swift in Sources */ = {isa = PBXBuildFile; fileRef = 8B612E2329D68CC9008DF5AF /* TokenizerView.swift */; };
		8B612E2729D68CC9008DF5AF /* TokenizerViewModel.swift in Sources */ = {isa = PBXBuildFile; fileRef = 8B612E2429D68CC9008DF5AF /* TokenizerViewModel.swift */; };
		8B612E2A29D68CE3008DF5AF /* GPTEncoder in Frameworks */ = {isa = PBXBuildFile; productRef = 8B612E2929D68CE3008DF5AF /* GPTEncoder */; };
		8B82463429B1F49F0069B8F7 /* ChatGPTAPIModels.swift in Sources */ = {isa = PBXBuildFile; fileRef = 8B82463329B1F49F0069B8F7 /* ChatGPTAPIModels.swift */; };
		8B82463529B1F49F0069B8F7 /* ChatGPTAPIModels.swift in Sources */ = {isa = PBXBuildFile; fileRef = 8B82463329B1F49F0069B8F7 /* ChatGPTAPIModels.swift */; };
		8B82463629B1F49F0069B8F7 /* ChatGPTAPIModels.swift in Sources */ = {isa = PBXBuildFile; fileRef = 8B82463329B1F49F0069B8F7 /* ChatGPTAPIModels.swift */; };
		8B82463729B1F49F0069B8F7 /* ChatGPTAPIModels.swift in Sources */ = {isa = PBXBuildFile; fileRef = 8B82463329B1F49F0069B8F7 /* ChatGPTAPIModels.swift */; };
		8B91C004298AD09E0079AF26 /* XCAChatGPTApp.swift in Sources */ = {isa = PBXBuildFile; fileRef = 8B91C003298AD09E0079AF26 /* XCAChatGPTApp.swift */; };
		8B91C006298AD09E0079AF26 /* ContentView.swift in Sources */ = {isa = PBXBuildFile; fileRef = 8B91C005298AD09E0079AF26 /* ContentView.swift */; };
		8B91C008298AD09F0079AF26 /* Assets.xcassets in Resources */ = {isa = PBXBuildFile; fileRef = 8B91C007298AD09F0079AF26 /* Assets.xcassets */; };
		8B91C00B298AD09F0079AF26 /* Preview Assets.xcassets in Resources */ = {isa = PBXBuildFile; fileRef = 8B91C00A298AD09F0079AF26 /* Preview Assets.xcassets */; };
		8B91C012298AD0CE0079AF26 /* ChatGPTAPI.swift in Sources */ = {isa = PBXBuildFile; fileRef = 8B91C011298AD0CE0079AF26 /* ChatGPTAPI.swift */; };
		8B91C014298ADC560079AF26 /* ViewModel.swift in Sources */ = {isa = PBXBuildFile; fileRef = 8B91C013298ADC560079AF26 /* ViewModel.swift */; };
		8B91C016298ADC9D0079AF26 /* MessageRow.swift in Sources */ = {isa = PBXBuildFile; fileRef = 8B91C015298ADC9D0079AF26 /* MessageRow.swift */; };
		8B91C018298ADF4E0079AF26 /* DotLoadingView.swift in Sources */ = {isa = PBXBuildFile; fileRef = 8B91C017298ADF4E0079AF26 /* DotLoadingView.swift */; };
		8B91C01A298ADF7F0079AF26 /* MessageRowView.swift in Sources */ = {isa = PBXBuildFile; fileRef = 8B91C019298ADF7F0079AF26 /* MessageRowView.swift */; };
/* End PBXBuildFile section */

/* Begin PBXContainerItemProxy section */
		8B0575F2298FA9D800A56C9A /* PBXContainerItemProxy */ = {
			isa = PBXContainerItemProxy;
			containerPortal = 8B91BFF8298AD09E0079AF26 /* Project object */;
			proxyType = 1;
			remoteGlobalIDString = 8B0575EF298FA9D800A56C9A;
			remoteInfo = "XCAChatGPTWatch Watch App";
		};
/* End PBXContainerItemProxy section */

/* Begin PBXCopyFilesBuildPhase section */
		8B057600298FA9DA00A56C9A /* Embed Watch Content */ = {
			isa = PBXCopyFilesBuildPhase;
			buildActionMask = 2147483647;
			dstPath = "$(CONTENTS_FOLDER_PATH)/Watch";
			dstSubfolderSpec = 16;
			files = (
				8B0575F1298FA9D800A56C9A /* XCAChatGPTWatch Watch App.app in Embed Watch Content */,
			);
			name = "Embed Watch Content";
			runOnlyForDeploymentPostprocessing = 0;
		};
/* End PBXCopyFilesBuildPhase section */

/* Begin PBXFileReference section */
		6918587B2ACC323B0029C065 /* CheckForUpdatesViewModel.swift */ = {isa = PBXFileReference; lastKnownFileType = sourcecode.swift; path = CheckForUpdatesViewModel.swift; sourceTree = "<group>"; };
		691858812ACC529D0029C065 /* CheckForUpdatesView.swift */ = {isa = PBXFileReference; lastKnownFileType = sourcecode.swift; path = CheckForUpdatesView.swift; sourceTree = "<group>"; };
		695C8A1D2A6A0CFE00C621E2 /* MenuBarManager.swift */ = {isa = PBXFileReference; lastKnownFileType = sourcecode.swift; path = MenuBarManager.swift; sourceTree = "<group>"; };
		695C8A2A2A6B892F00C621E2 /* MSection.swift */ = {isa = PBXFileReference; lastKnownFileType = sourcecode.swift; path = MSection.swift; sourceTree = "<group>"; };
		695C8A2E2A6BCCD000C621E2 /* Constants.swift */ = {isa = PBXFileReference; lastKnownFileType = sourcecode.swift; path = Constants.swift; sourceTree = "<group>"; };
		696B6B6E29E16FA100845C71 /* HotKeyManager.swift */ = {isa = PBXFileReference; lastKnownFileType = sourcecode.swift; path = HotKeyManager.swift; sourceTree = "<group>"; };
		696B6B7329E1702500845C71 /* HotKeyConstants.swift */ = {isa = PBXFileReference; lastKnownFileType = sourcecode.swift; path = HotKeyConstants.swift; sourceTree = "<group>"; };
		696B6B7629E178D300845C71 /* MainView.swift */ = {isa = PBXFileReference; lastKnownFileType = sourcecode.swift; path = MainView.swift; sourceTree = "<group>"; };
		696B6B7829E179BC00845C71 /* SettingView.swift */ = {isa = PBXFileReference; lastKnownFileType = sourcecode.swift; path = SettingView.swift; sourceTree = "<group>"; };
		696B6B7A29E17A7C00845C71 /* ModelSelectionManager.swift */ = {isa = PBXFileReference; lastKnownFileType = sourcecode.swift; path = ModelSelectionManager.swift; sourceTree = "<group>"; };
		696B6B7C29E17ABD00845C71 /* KeyboardShortcutManager.swift */ = {isa = PBXFileReference; lastKnownFileType = sourcecode.swift; path = KeyboardShortcutManager.swift; sourceTree = "<group>"; };
		696B6B7E29E17D4B00845C71 /* APIKeyManager.swift */ = {isa = PBXFileReference; lastKnownFileType = sourcecode.swift; path = APIKeyManager.swift; sourceTree = "<group>"; };
		696B6B8029E187B000845C71 /* AppInfo.swift */ = {isa = PBXFileReference; lastKnownFileType = sourcecode.swift; path = AppInfo.swift; sourceTree = "<group>"; };
		696B6B8229E188B500845C71 /* DataManager.swift */ = {isa = PBXFileReference; lastKnownFileType = sourcecode.swift; path = DataManager.swift; sourceTree = "<group>"; };
		696B6B8429E18AF800845C71 /* ConversationPreferenceView.swift */ = {isa = PBXFileReference; lastKnownFileType = sourcecode.swift; path = ConversationPreferenceView.swift; sourceTree = "<group>"; };
		696B6B8629E1911300845C71 /* PathManager.swift */ = {isa = PBXFileReference; lastKnownFileType = sourcecode.swift; path = PathManager.swift; sourceTree = "<group>"; };
		696B6B8829E1953500845C71 /* MacContentView.swift */ = {isa = PBXFileReference; lastKnownFileType = sourcecode.swift; path = MacContentView.swift; sourceTree = "<group>"; };
		696B6B8A29E1A34A00845C71 /* ConversationViewModel.swift */ = {isa = PBXFileReference; lastKnownFileType = sourcecode.swift; path = ConversationViewModel.swift; sourceTree = "<group>"; };
		696B6B8D29E1D96800845C71 /* ChatView.swift */ = {isa = PBXFileReference; lastKnownFileType = sourcecode.swift; path = ChatView.swift; sourceTree = "<group>"; };
		696B6B8F29E2907700845C71 /* Color.swift */ = {isa = PBXFileReference; lastKnownFileType = sourcecode.swift; path = Color.swift; sourceTree = "<group>"; };
		696B6B9129E29E3900845C71 /* Themes.swift */ = {isa = PBXFileReference; lastKnownFileType = sourcecode.swift; path = Themes.swift; sourceTree = "<group>"; };
		696B6B9329E2AEA100845C71 /* CommandDetailView.swift */ = {isa = PBXFileReference; lastKnownFileType = sourcecode.swift; path = CommandDetailView.swift; sourceTree = "<group>"; };
		696B6B9629E2B2A700845C71 /* PurpleButtonStyle.swift */ = {isa = PBXFileReference; lastKnownFileType = sourcecode.swift; path = PurpleButtonStyle.swift; sourceTree = "<group>"; };
		696B6B9829E400AF00845C71 /* InputEditor.swift */ = {isa = PBXFileReference; lastKnownFileType = sourcecode.swift; path = InputEditor.swift; sourceTree = "<group>"; };
		696B6B9A29E67F3300845C71 /* MyTextField.swift */ = {isa = PBXFileReference; lastKnownFileType = sourcecode.swift; path = MyTextField.swift; sourceTree = "<group>"; };
		696B6B9C29E7CAFA00845C71 /* RoundedButtonStyle.swift */ = {isa = PBXFileReference; lastKnownFileType = sourcecode.swift; path = RoundedButtonStyle.swift; sourceTree = "<group>"; };
		696B6B9F29EAD2E100845C71 /* KeyEvents.swift */ = {isa = PBXFileReference; lastKnownFileType = sourcecode.swift; path = KeyEvents.swift; sourceTree = "<group>"; };
		696B6BA229EB10E600845C71 /* KeyAction.swift */ = {isa = PBXFileReference; lastKnownFileType = sourcecode.swift; path = KeyAction.swift; sourceTree = "<group>"; };
		696B6BA429EB26D900845C71 /* ConfigurableHeaderView.swift */ = {isa = PBXFileReference; lastKnownFileType = sourcecode.swift; path = ConfigurableHeaderView.swift; sourceTree = "<group>"; };
		696B6BA629EB29AD00845C71 /* PlainButton.swift */ = {isa = PBXFileReference; lastKnownFileType = sourcecode.swift; path = PlainButton.swift; sourceTree = "<group>"; };
		696B6BA829EC055C00845C71 /* SelectedText.swift */ = {isa = PBXFileReference; lastKnownFileType = sourcecode.swift; path = SelectedText.swift; sourceTree = "<group>"; };
		696B6BAB29EC160700845C71 /* StartupPasteboardManager.swift */ = {isa = PBXFileReference; lastKnownFileType = sourcecode.swift; path = StartupPasteboardManager.swift; sourceTree = "<group>"; };
		696B6BB429EC427C00845C71 /* XCAChatGPTWatch-Watch-App-Info.plist */ = {isa = PBXFileReference; lastKnownFileType = text.plist; path = "XCAChatGPTWatch-Watch-App-Info.plist"; sourceTree = SOURCE_ROOT; };
		696B6BB729EC4BE100845C71 /* MainViewModel.swift */ = {isa = PBXFileReference; lastKnownFileType = sourcecode.swift; path = MainViewModel.swift; sourceTree = "<group>"; };
		696B6BBE29F1178900845C71 /* MessageExtension.swift */ = {isa = PBXFileReference; lastKnownFileType = sourcecode.swift; path = MessageExtension.swift; sourceTree = "<group>"; };
		696B6BC129F219A800845C71 /* PromptPlayground.swift */ = {isa = PBXFileReference; lastKnownFileType = sourcecode.swift; path = PromptPlayground.swift; sourceTree = "<group>"; };
		696B6BC329F21B7600845C71 /* PromptStore.swift */ = {isa = PBXFileReference; lastKnownFileType = sourcecode.swift; path = PromptStore.swift; sourceTree = "<group>"; };
		696B6BC529F21B9D00845C71 /* PromptTemplate.swift */ = {isa = PBXFileReference; lastKnownFileType = sourcecode.swift; path = PromptTemplate.swift; sourceTree = "<group>"; };
		696B6BC729F23C0B00845C71 /* QuickOpen.swift */ = {isa = PBXFileReference; lastKnownFileType = sourcecode.swift; path = QuickOpen.swift; sourceTree = "<group>"; };
		696B6BC929F23D4100845C71 /* AppQuickOpen.swift */ = {isa = PBXFileReference; lastKnownFileType = sourcecode.swift; path = AppQuickOpen.swift; sourceTree = "<group>"; };
		696B6BD029F447FF00845C71 /* prompts_zh.json */ = {isa = PBXFileReference; fileEncoding = 4; lastKnownFileType = text.json; path = prompts_zh.json; sourceTree = "<group>"; };
		696B6BD329F6A31700845C71 /* gptexpir.xcdatamodel */ = {isa = PBXFileReference; lastKnownFileType = wrapper.xcdatamodel; path = gptexpir.xcdatamodel; sourceTree = "<group>"; };
		696B6BD529F6A33000845C71 /* Persistence.swift */ = {isa = PBXFileReference; fileEncoding = 4; lastKnownFileType = sourcecode.swift; path = Persistence.swift; sourceTree = "<group>"; };
		696B6BD829F6BA4100845C71 /* GPTConversationExtensions.swift */ = {isa = PBXFileReference; lastKnownFileType = sourcecode.swift; path = GPTConversationExtensions.swift; sourceTree = "<group>"; };
		696B6BDA29F77B8700845C71 /* GPTAnswerExtensions.swift */ = {isa = PBXFileReference; lastKnownFileType = sourcecode.swift; path = GPTAnswerExtensions.swift; sourceTree = "<group>"; };
		696B6BDC29F8A6B300845C71 /* DropdownView.swift */ = {isa = PBXFileReference; lastKnownFileType = sourcecode.swift; path = DropdownView.swift; sourceTree = "<group>"; };
		696B6BDE29FAD22B00845C71 /* Globals.swift */ = {isa = PBXFileReference; lastKnownFileType = sourcecode.swift; path = Globals.swift; sourceTree = "<group>"; };
		696B6BE029FAD8DB00845C71 /* CommandKeyView.swift */ = {isa = PBXFileReference; lastKnownFileType = sourcecode.swift; path = CommandKeyView.swift; sourceTree = "<group>"; };
		696B6BE329FAE42900845C71 /* CommandKeyMonitor.swift */ = {isa = PBXFileReference; lastKnownFileType = sourcecode.swift; path = CommandKeyMonitor.swift; sourceTree = "<group>"; };
		696B6BE529FAE82F00845C71 /* GlobalConfig.swift */ = {isa = PBXFileReference; lastKnownFileType = sourcecode.swift; path = GlobalConfig.swift; sourceTree = "<group>"; };
		696B6BE729FAEB9C00845C71 /* KeyUtils.swift */ = {isa = PBXFileReference; lastKnownFileType = sourcecode.swift; path = KeyUtils.swift; sourceTree = "<group>"; };
		696B6BEF29FB969100845C71 /* EmojiData.swift */ = {isa = PBXFileReference; fileEncoding = 4; lastKnownFileType = sourcecode.swift; path = EmojiData.swift; sourceTree = "<group>"; };
		696B6BF129FB969100845C71 /* Emoji.swift */ = {isa = PBXFileReference; fileEncoding = 4; lastKnownFileType = sourcecode.swift; path = Emoji.swift; sourceTree = "<group>"; };
		696B6BF329FB969100845C71 /* EmojiSearchView.swift */ = {isa = PBXFileReference; fileEncoding = 4; lastKnownFileType = sourcecode.swift; path = EmojiSearchView.swift; sourceTree = "<group>"; };
		696B6BF429FB969100845C71 /* EmojiPickerView.swift */ = {isa = PBXFileReference; fileEncoding = 4; lastKnownFileType = sourcecode.swift; path = EmojiPickerView.swift; sourceTree = "<group>"; };
		696B6BF529FB969100845C71 /* EmojiCategoryView.swift */ = {isa = PBXFileReference; fileEncoding = 4; lastKnownFileType = sourcecode.swift; path = EmojiCategoryView.swift; sourceTree = "<group>"; };
		696B6BFC29FB976800845C71 /* EmojiPickerViewModel.swift */ = {isa = PBXFileReference; lastKnownFileType = sourcecode.swift; path = EmojiPickerViewModel.swift; sourceTree = "<group>"; };
		696B6BFE29FB9AB200845C71 /* emoji_metadata.json */ = {isa = PBXFileReference; fileEncoding = 4; lastKnownFileType = text.json; path = emoji_metadata.json; sourceTree = "<group>"; };
		696B6C0029FBA58100845C71 /* EmojiCategoryTabView.swift */ = {isa = PBXFileReference; lastKnownFileType = sourcecode.swift; path = EmojiCategoryTabView.swift; sourceTree = "<group>"; };
		696B6C0229FBA7F300845C71 /* EmojiPickerPopoverView.swift */ = {isa = PBXFileReference; lastKnownFileType = sourcecode.swift; path = EmojiPickerPopoverView.swift; sourceTree = "<group>"; };
		696B6C0429FC9F8F00845C71 /* EmojiButtonStyle.swift */ = {isa = PBXFileReference; lastKnownFileType = sourcecode.swift; path = EmojiButtonStyle.swift; sourceTree = "<group>"; };
		696B6C9D2A01E63B00845C71 /* RecordManager.swift */ = {isa = PBXFileReference; lastKnownFileType = sourcecode.swift; path = RecordManager.swift; sourceTree = "<group>"; };
		696B6C9F2A01F14F00845C71 /* ConversationIconView.swift */ = {isa = PBXFileReference; lastKnownFileType = sourcecode.swift; path = ConversationIconView.swift; sourceTree = "<group>"; };
		696B6CA12A035A7100845C71 /* EmojiManager.swift */ = {isa = PBXFileReference; lastKnownFileType = sourcecode.swift; path = EmojiManager.swift; sourceTree = "<group>"; };
		696B6CA32A05F45700845C71 /* StringExtensions.swift */ = {isa = PBXFileReference; lastKnownFileType = sourcecode.swift; path = StringExtensions.swift; sourceTree = "<group>"; };
		698C5ACE2A0F1D60007C046A /* Initializer.swift */ = {isa = PBXFileReference; lastKnownFileType = sourcecode.swift; path = Initializer.swift; sourceTree = "<group>"; };
		698C5AD12A108E09007C046A /* NewFeatureIntroductionView.swift */ = {isa = PBXFileReference; lastKnownFileType = sourcecode.swift; path = NewFeatureIntroductionView.swift; sourceTree = "<group>"; };
		698C5AD32A1093D2007C046A /* StartUpButtonStyle.swift */ = {isa = PBXFileReference; lastKnownFileType = sourcecode.swift; path = StartUpButtonStyle.swift; sourceTree = "<group>"; };
		698C5AD52A10AC08007C046A /* TypingInPlace.swift */ = {isa = PBXFileReference; lastKnownFileType = sourcecode.swift; path = TypingInPlace.swift; sourceTree = "<group>"; };
		698C5AD92A13D10B007C046A /* Utils.swift */ = {isa = PBXFileReference; lastKnownFileType = sourcecode.swift; path = Utils.swift; sourceTree = "<group>"; };
		698C5ADB2A14D85C007C046A /* Localizable.strings */ = {isa = PBXFileReference; lastKnownFileType = text.plist.strings; path = Localizable.strings; sourceTree = "<group>"; };
		698C5AE02A14D94F007C046A /* zh-Hans */ = {isa = PBXFileReference; lastKnownFileType = text.plist.strings; name = "zh-Hans"; path = Localizable.strings; sourceTree = "<group>"; };
		698C5AE22A166ECB007C046A /* prompts.json */ = {isa = PBXFileReference; fileEncoding = 4; lastKnownFileType = text.json; path = prompts.json; sourceTree = "<group>"; };
		698C5AE42A1680B0007C046A /* Found-Info.plist */ = {isa = PBXFileReference; lastKnownFileType = text.plist; path = "Found-Info.plist"; sourceTree = "<group>"; };
		698C5AE52A1698A9007C046A /* LanguageOptions.swift */ = {isa = PBXFileReference; lastKnownFileType = sourcecode.swift; path = LanguageOptions.swift; sourceTree = "<group>"; };
		698C5AE72A16A719007C046A /* AppShortcuts.swift */ = {isa = PBXFileReference; lastKnownFileType = sourcecode.swift; path = AppShortcuts.swift; sourceTree = "<group>"; };
		698C5AE92A16ABA3007C046A /* KeyMonitorManager.swift */ = {isa = PBXFileReference; lastKnownFileType = sourcecode.swift; path = KeyMonitorManager.swift; sourceTree = "<group>"; };
		698C5AEB2A17BB0F007C046A /* PreferenceInitializerView.swift */ = {isa = PBXFileReference; lastKnownFileType = sourcecode.swift; path = PreferenceInitializerView.swift; sourceTree = "<group>"; };
		698C5AED2A19C5EF007C046A /* StartUpView.swift */ = {isa = PBXFileReference; lastKnownFileType = sourcecode.swift; path = StartUpView.swift; sourceTree = "<group>"; };
		69DEEE652A65A86C009840C6 /* GoogleService-Info.plist */ = {isa = PBXFileReference; fileEncoding = 4; lastKnownFileType = text.plist.xml; path = "GoogleService-Info.plist"; sourceTree = "<group>"; };
		69E1FA7B2A7497390081D42A /* WindowManager.swift */ = {isa = PBXFileReference; lastKnownFileType = sourcecode.swift; path = WindowManager.swift; sourceTree = "<group>"; };
		69E1FA7D2A74AB6D0081D42A /* Bard.swift */ = {isa = PBXFileReference; lastKnownFileType = sourcecode.swift; path = Bard.swift; sourceTree = "<group>"; };
		69E1FA802A768C0F0081D42A /* BardStore.swift */ = {isa = PBXFileReference; fileEncoding = 4; lastKnownFileType = sourcecode.swift; path = BardStore.swift; sourceTree = "<group>"; };
		69E1FA822A768D5F0081D42A /* BardView.swift */ = {isa = PBXFileReference; lastKnownFileType = sourcecode.swift; path = BardView.swift; sourceTree = "<group>"; };
		69E1FA842A76926B0081D42A /* bard_response.json */ = {isa = PBXFileReference; lastKnownFileType = text.json; path = bard_response.json; sourceTree = "<group>"; };
		69E1FA872A76AFF20081D42A /* KeyablePanel.swift */ = {isa = PBXFileReference; lastKnownFileType = sourcecode.swift; path = KeyablePanel.swift; sourceTree = "<group>"; };
		69E1FA892A76B0170081D42A /* SpotlightWindowController.swift */ = {isa = PBXFileReference; lastKnownFileType = sourcecode.swift; path = SpotlightWindowController.swift; sourceTree = "<group>"; };
		8B057582298E52C000A56C9A /* Macaify.app */ = {isa = PBXFileReference; explicitFileType = wrapper.application; includeInIndex = 0; path = Macaify.app; sourceTree = BUILT_PRODUCTS_DIR; };
		8B057584298E52C000A56C9A /* XCAChatGPTMacApp.swift */ = {isa = PBXFileReference; lastKnownFileType = sourcecode.swift; path = XCAChatGPTMacApp.swift; sourceTree = "<group>"; };
		8B057588298E52C000A56C9A /* Assets.xcassets */ = {isa = PBXFileReference; lastKnownFileType = folder.assetcatalog; path = Assets.xcassets; sourceTree = "<group>"; };
		8B05758B298E52C000A56C9A /* Preview Assets.xcassets */ = {isa = PBXFileReference; lastKnownFileType = folder.assetcatalog; path = "Preview Assets.xcassets"; sourceTree = "<group>"; };
		8B05758D298E52C000A56C9A /* XCAChatGPTMac.entitlements */ = {isa = PBXFileReference; lastKnownFileType = text.plist.entitlements; path = XCAChatGPTMac.entitlements; sourceTree = "<group>"; };
		8B0575EB298FA9D800A56C9A /* XCAChatGPTWatch.app */ = {isa = PBXFileReference; explicitFileType = wrapper.application; includeInIndex = 0; path = XCAChatGPTWatch.app; sourceTree = BUILT_PRODUCTS_DIR; };
		8B0575F0298FA9D800A56C9A /* XCAChatGPTWatch Watch App.app */ = {isa = PBXFileReference; explicitFileType = wrapper.application; includeInIndex = 0; path = "XCAChatGPTWatch Watch App.app"; sourceTree = BUILT_PRODUCTS_DIR; };
		8B0575F5298FA9D800A56C9A /* XCAChatGPTWatchApp.swift */ = {isa = PBXFileReference; lastKnownFileType = sourcecode.swift; path = XCAChatGPTWatchApp.swift; sourceTree = "<group>"; };
		8B0575F9298FA9DA00A56C9A /* Assets.xcassets */ = {isa = PBXFileReference; lastKnownFileType = folder.assetcatalog; path = Assets.xcassets; sourceTree = "<group>"; };
		8B0575FC298FA9DA00A56C9A /* Preview Assets.xcassets */ = {isa = PBXFileReference; lastKnownFileType = folder.assetcatalog; path = "Preview Assets.xcassets"; sourceTree = "<group>"; };
		8B057611298FBDB600A56C9A /* XCAChatGPTTV.app */ = {isa = PBXFileReference; explicitFileType = wrapper.application; includeInIndex = 0; path = XCAChatGPTTV.app; sourceTree = BUILT_PRODUCTS_DIR; };
		8B057613298FBDB600A56C9A /* XCAChatGPTTVApp.swift */ = {isa = PBXFileReference; lastKnownFileType = sourcecode.swift; path = XCAChatGPTTVApp.swift; sourceTree = "<group>"; };
		8B057617298FBDB700A56C9A /* Assets.xcassets */ = {isa = PBXFileReference; lastKnownFileType = folder.assetcatalog; path = Assets.xcassets; sourceTree = "<group>"; };
		8B05761A298FBDB700A56C9A /* Preview Assets.xcassets */ = {isa = PBXFileReference; lastKnownFileType = folder.assetcatalog; path = "Preview Assets.xcassets"; sourceTree = "<group>"; };
		8B05764729909A9200A56C9A /* ScrollView.swift */ = {isa = PBXFileReference; lastKnownFileType = sourcecode.swift; path = ScrollView.swift; sourceTree = "<group>"; };
		8B612E2229D68CC9008DF5AF /* TextView.swift */ = {isa = PBXFileReference; fileEncoding = 4; lastKnownFileType = sourcecode.swift; path = TextView.swift; sourceTree = "<group>"; };
		8B612E2329D68CC9008DF5AF /* TokenizerView.swift */ = {isa = PBXFileReference; fileEncoding = 4; lastKnownFileType = sourcecode.swift; path = TokenizerView.swift; sourceTree = "<group>"; };
		8B612E2429D68CC9008DF5AF /* TokenizerViewModel.swift */ = {isa = PBXFileReference; fileEncoding = 4; lastKnownFileType = sourcecode.swift; path = TokenizerViewModel.swift; sourceTree = "<group>"; };
		8B82463329B1F49F0069B8F7 /* ChatGPTAPIModels.swift */ = {isa = PBXFileReference; lastKnownFileType = sourcecode.swift; path = ChatGPTAPIModels.swift; sourceTree = "<group>"; };
		8B91C000298AD09E0079AF26 /* XCAChatGPT.app */ = {isa = PBXFileReference; explicitFileType = wrapper.application; includeInIndex = 0; path = XCAChatGPT.app; sourceTree = BUILT_PRODUCTS_DIR; };
		8B91C003298AD09E0079AF26 /* XCAChatGPTApp.swift */ = {isa = PBXFileReference; lastKnownFileType = sourcecode.swift; path = XCAChatGPTApp.swift; sourceTree = "<group>"; };
		8B91C005298AD09E0079AF26 /* ContentView.swift */ = {isa = PBXFileReference; lastKnownFileType = sourcecode.swift; path = ContentView.swift; sourceTree = "<group>"; };
		8B91C007298AD09F0079AF26 /* Assets.xcassets */ = {isa = PBXFileReference; lastKnownFileType = folder.assetcatalog; path = Assets.xcassets; sourceTree = "<group>"; };
		8B91C00A298AD09F0079AF26 /* Preview Assets.xcassets */ = {isa = PBXFileReference; lastKnownFileType = folder.assetcatalog; path = "Preview Assets.xcassets"; sourceTree = "<group>"; };
		8B91C011298AD0CE0079AF26 /* ChatGPTAPI.swift */ = {isa = PBXFileReference; lastKnownFileType = sourcecode.swift; path = ChatGPTAPI.swift; sourceTree = "<group>"; };
		8B91C013298ADC560079AF26 /* ViewModel.swift */ = {isa = PBXFileReference; lastKnownFileType = sourcecode.swift; path = ViewModel.swift; sourceTree = "<group>"; };
		8B91C015298ADC9D0079AF26 /* MessageRow.swift */ = {isa = PBXFileReference; lastKnownFileType = sourcecode.swift; path = MessageRow.swift; sourceTree = "<group>"; };
		8B91C017298ADF4E0079AF26 /* DotLoadingView.swift */ = {isa = PBXFileReference; lastKnownFileType = sourcecode.swift; path = DotLoadingView.swift; sourceTree = "<group>"; };
		8B91C019298ADF7F0079AF26 /* MessageRowView.swift */ = {isa = PBXFileReference; lastKnownFileType = sourcecode.swift; path = MessageRowView.swift; sourceTree = "<group>"; };
/* End PBXFileReference section */

/* Begin PBXFrameworksBuildPhase section */
		8B05757F298E52C000A56C9A /* Frameworks */ = {
			isa = PBXFrameworksBuildPhase;
			buildActionMask = 2147483647;
			files = (
				69DEEE6F2A65B568009840C6 /* FirebaseAnalyticsSwift in Frameworks */,
				6918587F2ACC35720029C065 /* Sparkle in Frameworks */,
				696B6B7229E16FF100845C71 /* KeyboardShortcuts in Frameworks */,
				696B6BCF29F418C200845C71 /* AlertToast in Frameworks */,
				696B6BB129EC424400845C71 /* MarkdownUI in Frameworks */,
				69DEEE732A65B641009840C6 /* FirebaseCrashlytics in Frameworks */,
				69DEEE6D2A65B568009840C6 /* FirebaseAnalytics in Frameworks */,
				696B6BBD29F10A8000845C71 /* GPTEncoder in Frameworks */,
			);
			runOnlyForDeploymentPostprocessing = 0;
		};
		8B0575ED298FA9D800A56C9A /* Frameworks */ = {
			isa = PBXFrameworksBuildPhase;
			buildActionMask = 2147483647;
			files = (
				696B6BB629EC428400845C71 /* MarkdownUI in Frameworks */,
			);
			runOnlyForDeploymentPostprocessing = 0;
		};
		8B05760E298FBDB600A56C9A /* Frameworks */ = {
			isa = PBXFrameworksBuildPhase;
			buildActionMask = 2147483647;
			files = (
				696B6BB329EC427800845C71 /* MarkdownUI in Frameworks */,
			);
			runOnlyForDeploymentPostprocessing = 0;
		};
		8B91BFFD298AD09E0079AF26 /* Frameworks */ = {
			isa = PBXFrameworksBuildPhase;
			buildActionMask = 2147483647;
			files = (
				696B6BAF29EC41AF00845C71 /* MarkdownUI in Frameworks */,
				696B6BEB29FB77EC00845C71 /* ElegantEmojiPicker in Frameworks */,
				69DEEE692A65AA3B009840C6 /* FirebaseAnalytics in Frameworks */,
				696B6BCD29F418B100845C71 /* AlertToast in Frameworks */,
				69DEEE6B2A65AA3B009840C6 /* FirebaseAnalyticsSwift in Frameworks */,
				8B612E2A29D68CE3008DF5AF /* GPTEncoder in Frameworks */,
				696B6B6B29E16F5900845C71 /* KeyboardShortcuts in Frameworks */,
			);
			runOnlyForDeploymentPostprocessing = 0;
		};
/* End PBXFrameworksBuildPhase section */

/* Begin PBXGroup section */
		691858802ACC52910029C065 /* update */ = {
			isa = PBXGroup;
			children = (
				691858812ACC529D0029C065 /* CheckForUpdatesView.swift */,
			);
			path = update;
			sourceTree = "<group>";
		};
		695C8A1C2A6A0CE200C621E2 /* menu */ = {
			isa = PBXGroup;
			children = (
				695C8A1D2A6A0CFE00C621E2 /* MenuBarManager.swift */,
			);
			path = menu;
			sourceTree = "<group>";
		};
		695C8A292A6B892500C621E2 /* form */ = {
			isa = PBXGroup;
			children = (
				695C8A2A2A6B892F00C621E2 /* MSection.swift */,
			);
			path = form;
			sourceTree = "<group>";
		};
		696B6B6C29E16F7C00845C71 /* business */ = {
			isa = PBXGroup;
			children = (
				691858802ACC52910029C065 /* update */,
				69E1FA862A76AFE00081D42A /* spotlight */,
				69E1FA7F2A768C0F0081D42A /* bard */,
				695C8A1C2A6A0CE200C621E2 /* menu */,
				698C5AD02A108DEC007C046A /* tutorial */,
				696B6BC029F2199700845C71 /* prompts */,
				696B6B8C29E1D96000845C71 /* chat */,
				696B6B7529E178C700845C71 /* main */,
				696B6B6D29E16F8500845C71 /* hotkey */,
			);
			path = business;
			sourceTree = "<group>";
		};
		696B6B6D29E16F8500845C71 /* hotkey */ = {
			isa = PBXGroup;
			children = (
				696B6B6E29E16FA100845C71 /* HotKeyManager.swift */,
				696B6B7329E1702500845C71 /* HotKeyConstants.swift */,
			);
			path = hotkey;
			sourceTree = "<group>";
		};
		696B6B7029E16FF100845C71 /* Frameworks */ = {
			isa = PBXGroup;
			children = (
			);
			name = Frameworks;
			sourceTree = "<group>";
		};
		696B6B7529E178C700845C71 /* main */ = {
			isa = PBXGroup;
			children = (
				696B6B7629E178D300845C71 /* MainView.swift */,
				696B6B8029E187B000845C71 /* AppInfo.swift */,
				696B6B8229E188B500845C71 /* DataManager.swift */,
				696B6B8429E18AF800845C71 /* ConversationPreferenceView.swift */,
				696B6B7E29E17D4B00845C71 /* APIKeyManager.swift */,
				696B6B7829E179BC00845C71 /* SettingView.swift */,
				696B6B7A29E17A7C00845C71 /* ModelSelectionManager.swift */,
				696B6B7C29E17ABD00845C71 /* KeyboardShortcutManager.swift */,
				696B6B8A29E1A34A00845C71 /* ConversationViewModel.swift */,
				696B6B9329E2AEA100845C71 /* CommandDetailView.swift */,
				696B6BB729EC4BE100845C71 /* MainViewModel.swift */,
				698C5AE52A1698A9007C046A /* LanguageOptions.swift */,
				698C5AE72A16A719007C046A /* AppShortcuts.swift */,
			);
			path = main;
			sourceTree = "<group>";
		};
		696B6B8C29E1D96000845C71 /* chat */ = {
			isa = PBXGroup;
			children = (
				696B6B8D29E1D96800845C71 /* ChatView.swift */,
			);
			path = chat;
			sourceTree = "<group>";
		};
		696B6B9529E2B29300845C71 /* components */ = {
			isa = PBXGroup;
			children = (
				695C8A292A6B892500C621E2 /* form */,
				696B6B9629E2B2A700845C71 /* PurpleButtonStyle.swift */,
				696B6BA429EB26D900845C71 /* ConfigurableHeaderView.swift */,
				696B6BA629EB29AD00845C71 /* PlainButton.swift */,
				696B6C9F2A01F14F00845C71 /* ConversationIconView.swift */,
				698C5AD32A1093D2007C046A /* StartUpButtonStyle.swift */,
			);
			path = components;
			sourceTree = "<group>";
		};
		696B6B9E29EAD2CF00845C71 /* debuging */ = {
			isa = PBXGroup;
			children = (
				696B6BA829EC055C00845C71 /* SelectedText.swift */,
				696B6BC929F23D4100845C71 /* AppQuickOpen.swift */,
				69E1FA842A76926B0081D42A /* bard_response.json */,
			);
			path = debuging;
			sourceTree = "<group>";
		};
		696B6BA129EB105700845C71 /* KeyEvents */ = {
			isa = PBXGroup;
			children = (
				696B6B9F29EAD2E100845C71 /* KeyEvents.swift */,
				696B6BA229EB10E600845C71 /* KeyAction.swift */,
			);
			path = KeyEvents;
			sourceTree = "<group>";
		};
		696B6BAA29EC15F000845C71 /* utils */ = {
			isa = PBXGroup;
			children = (
				696B6BAB29EC160700845C71 /* StartupPasteboardManager.swift */,
				696B6C9D2A01E63B00845C71 /* RecordManager.swift */,
				696B6CA12A035A7100845C71 /* EmojiManager.swift */,
				698C5ACE2A0F1D60007C046A /* Initializer.swift */,
				698C5AD52A10AC08007C046A /* TypingInPlace.swift */,
				698C5AE92A16ABA3007C046A /* KeyMonitorManager.swift */,
				69E1FA7B2A7497390081D42A /* WindowManager.swift */,
				69E1FA7D2A74AB6D0081D42A /* Bard.swift */,
				6918587B2ACC323B0029C065 /* CheckForUpdatesViewModel.swift */,
			);
			path = utils;
			sourceTree = "<group>";
		};
		696B6BC029F2199700845C71 /* prompts */ = {
			isa = PBXGroup;
			children = (
				696B6BC129F219A800845C71 /* PromptPlayground.swift */,
				696B6BC329F21B7600845C71 /* PromptStore.swift */,
				696B6BC529F21B9D00845C71 /* PromptTemplate.swift */,
				696B6BC729F23C0B00845C71 /* QuickOpen.swift */,
			);
			path = prompts;
			sourceTree = "<group>";
		};
		696B6BD729F6BA2200845C71 /* data */ = {
			isa = PBXGroup;
			children = (
				696B6BD829F6BA4100845C71 /* GPTConversationExtensions.swift */,
				696B6BDA29F77B8700845C71 /* GPTAnswerExtensions.swift */,
			);
			path = data;
			sourceTree = "<group>";
		};
		696B6BE229FAE41300845C71 /* utils */ = {
			isa = PBXGroup;
			children = (
				696B6BE329FAE42900845C71 /* CommandKeyMonitor.swift */,
				696B6BE529FAE82F00845C71 /* GlobalConfig.swift */,
				696B6BE729FAEB9C00845C71 /* KeyUtils.swift */,
				696B6CA32A05F45700845C71 /* StringExtensions.swift */,
				698C5AD92A13D10B007C046A /* Utils.swift */,
				695C8A2E2A6BCCD000C621E2 /* Constants.swift */,
			);
			path = utils;
			sourceTree = "<group>";
		};
		696B6BEE29FB969100845C71 /* Helpers */ = {
			isa = PBXGroup;
			children = (
				696B6BEF29FB969100845C71 /* EmojiData.swift */,
				696B6BFC29FB976800845C71 /* EmojiPickerViewModel.swift */,
			);
			path = Helpers;
			sourceTree = "<group>";
		};
		696B6BF029FB969100845C71 /* Models */ = {
			isa = PBXGroup;
			children = (
				696B6BF129FB969100845C71 /* Emoji.swift */,
			);
			path = Models;
			sourceTree = "<group>";
		};
		696B6BF229FB969100845C71 /* Views */ = {
			isa = PBXGroup;
			children = (
				696B6BF329FB969100845C71 /* EmojiSearchView.swift */,
				696B6BF429FB969100845C71 /* EmojiPickerView.swift */,
				696B6C0429FC9F8F00845C71 /* EmojiButtonStyle.swift */,
				696B6BF529FB969100845C71 /* EmojiCategoryView.swift */,
				696B6C0029FBA58100845C71 /* EmojiCategoryTabView.swift */,
				696B6C0229FBA7F300845C71 /* EmojiPickerPopoverView.swift */,
			);
			path = Views;
			sourceTree = "<group>";
		};
		698C5AD02A108DEC007C046A /* tutorial */ = {
			isa = PBXGroup;
			children = (
				698C5AD12A108E09007C046A /* NewFeatureIntroductionView.swift */,
				698C5AEB2A17BB0F007C046A /* PreferenceInitializerView.swift */,
				698C5AED2A19C5EF007C046A /* StartUpView.swift */,
			);
			path = tutorial;
			sourceTree = "<group>";
		};
		698C5ADD2A14D90B007C046A /* zh-Hans.lproj */ = {
			isa = PBXGroup;
			children = (
				698C5ADF2A14D94F007C046A /* Localizable.strings */,
			);
			path = "zh-Hans.lproj";
			sourceTree = "<group>";
		};
		698C5ADE2A14D919007C046A /* en.lproj */ = {
			isa = PBXGroup;
			children = (
				698C5ADB2A14D85C007C046A /* Localizable.strings */,
			);
			path = en.lproj;
			sourceTree = "<group>";
		};
		69E1FA7F2A768C0F0081D42A /* bard */ = {
			isa = PBXGroup;
			children = (
				69E1FA802A768C0F0081D42A /* BardStore.swift */,
				69E1FA822A768D5F0081D42A /* BardView.swift */,
			);
			path = bard;
			sourceTree = "<group>";
		};
		69E1FA862A76AFE00081D42A /* spotlight */ = {
			isa = PBXGroup;
			children = (
				69E1FA872A76AFF20081D42A /* KeyablePanel.swift */,
				69E1FA892A76B0170081D42A /* SpotlightWindowController.swift */,
			);
			path = spotlight;
			sourceTree = "<group>";
		};
		8B057583298E52C000A56C9A /* XCAChatGPTMac */ = {
			isa = PBXGroup;
			children = (
				69DEEE652A65A86C009840C6 /* GoogleService-Info.plist */,
				698C5AE22A166ECB007C046A /* prompts.json */,
				696B6BD029F447FF00845C71 /* prompts_zh.json */,
				696B6BAA29EC15F000845C71 /* utils */,
				696B6BA129EB105700845C71 /* KeyEvents */,
				696B6B9E29EAD2CF00845C71 /* debuging */,
				696B6B9529E2B29300845C71 /* components */,
				696B6B6C29E16F7C00845C71 /* business */,
				8B057584298E52C000A56C9A /* XCAChatGPTMacApp.swift */,
				8B057588298E52C000A56C9A /* Assets.xcassets */,
				8B05758D298E52C000A56C9A /* XCAChatGPTMac.entitlements */,
				8B05758A298E52C000A56C9A /* Preview Content */,
				696B6B8629E1911300845C71 /* PathManager.swift */,
				696B6B8829E1953500845C71 /* MacContentView.swift */,
				696B6B8F29E2907700845C71 /* Color.swift */,
				696B6B9129E29E3900845C71 /* Themes.swift */,
			);
			path = XCAChatGPTMac;
			sourceTree = "<group>";
		};
		8B05758A298E52C000A56C9A /* Preview Content */ = {
			isa = PBXGroup;
			children = (
				8B05758B298E52C000A56C9A /* Preview Assets.xcassets */,
			);
			path = "Preview Content";
			sourceTree = "<group>";
		};
		8B057591298E52CB00A56C9A /* Shared */ = {
			isa = PBXGroup;
			children = (
				698C5ADE2A14D919007C046A /* en.lproj */,
				698C5ADD2A14D90B007C046A /* zh-Hans.lproj */,
				696B6BFE29FB9AB200845C71 /* emoji_metadata.json */,
				696B6BEE29FB969100845C71 /* Helpers */,
				696B6BF029FB969100845C71 /* Models */,
				696B6BF229FB969100845C71 /* Views */,
				696B6BE229FAE41300845C71 /* utils */,
				696B6BD729F6BA2200845C71 /* data */,
				696B6BD229F6A31700845C71 /* gptexpir.xcdatamodeld */,
				696B6BD529F6A33000845C71 /* Persistence.swift */,
				8B91C011298AD0CE0079AF26 /* ChatGPTAPI.swift */,
				8B82463329B1F49F0069B8F7 /* ChatGPTAPIModels.swift */,
				8B91C005298AD09E0079AF26 /* ContentView.swift */,
				696B6BDC29F8A6B300845C71 /* DropdownView.swift */,
				8B91C017298ADF4E0079AF26 /* DotLoadingView.swift */,
				8B91C019298ADF7F0079AF26 /* MessageRowView.swift */,
				8B91C013298ADC560079AF26 /* ViewModel.swift */,
				8B91C015298ADC9D0079AF26 /* MessageRow.swift */,
				696B6B9829E400AF00845C71 /* InputEditor.swift */,
				696B6B9A29E67F3300845C71 /* MyTextField.swift */,
				696B6B9C29E7CAFA00845C71 /* RoundedButtonStyle.swift */,
				696B6BBE29F1178900845C71 /* MessageExtension.swift */,
				696B6BDE29FAD22B00845C71 /* Globals.swift */,
				696B6BE029FAD8DB00845C71 /* CommandKeyView.swift */,
			);
			path = Shared;
			sourceTree = "<group>";
		};
		8B0575F4298FA9D800A56C9A /* XCAChatGPTWatch Watch App */ = {
			isa = PBXGroup;
			children = (
				696B6BB429EC427C00845C71 /* XCAChatGPTWatch-Watch-App-Info.plist */,
				8B0575F5298FA9D800A56C9A /* XCAChatGPTWatchApp.swift */,
				8B0575F9298FA9DA00A56C9A /* Assets.xcassets */,
				8B0575FB298FA9DA00A56C9A /* Preview Content */,
			);
			path = "XCAChatGPTWatch Watch App";
			sourceTree = "<group>";
		};
		8B0575FB298FA9DA00A56C9A /* Preview Content */ = {
			isa = PBXGroup;
			children = (
				8B0575FC298FA9DA00A56C9A /* Preview Assets.xcassets */,
			);
			path = "Preview Content";
			sourceTree = "<group>";
		};
		8B057612298FBDB600A56C9A /* XCAChatGPTTV */ = {
			isa = PBXGroup;
			children = (
				8B057613298FBDB600A56C9A /* XCAChatGPTTVApp.swift */,
				8B057617298FBDB700A56C9A /* Assets.xcassets */,
				8B057619298FBDB700A56C9A /* Preview Content */,
				8B05764729909A9200A56C9A /* ScrollView.swift */,
			);
			path = XCAChatGPTTV;
			sourceTree = "<group>";
		};
		8B057619298FBDB700A56C9A /* Preview Content */ = {
			isa = PBXGroup;
			children = (
				8B05761A298FBDB700A56C9A /* Preview Assets.xcassets */,
			);
			path = "Preview Content";
			sourceTree = "<group>";
		};
		8B91BFF7298AD09E0079AF26 = {
			isa = PBXGroup;
			children = (
				698C5AE42A1680B0007C046A /* Found-Info.plist */,
				8B057591298E52CB00A56C9A /* Shared */,
				8B91C002298AD09E0079AF26 /* XCAChatGPT */,
				8B057583298E52C000A56C9A /* XCAChatGPTMac */,
				8B0575F4298FA9D800A56C9A /* XCAChatGPTWatch Watch App */,
				8B057612298FBDB600A56C9A /* XCAChatGPTTV */,
				8B91C001298AD09E0079AF26 /* Products */,
				696B6B7029E16FF100845C71 /* Frameworks */,
			);
			sourceTree = "<group>";
		};
		8B91C001298AD09E0079AF26 /* Products */ = {
			isa = PBXGroup;
			children = (
				8B91C000298AD09E0079AF26 /* XCAChatGPT.app */,
				8B057582298E52C000A56C9A /* Macaify.app */,
				8B0575EB298FA9D800A56C9A /* XCAChatGPTWatch.app */,
				8B0575F0298FA9D800A56C9A /* XCAChatGPTWatch Watch App.app */,
				8B057611298FBDB600A56C9A /* XCAChatGPTTV.app */,
			);
			name = Products;
			sourceTree = "<group>";
		};
		8B91C002298AD09E0079AF26 /* XCAChatGPT */ = {
			isa = PBXGroup;
			children = (
				8B91C003298AD09E0079AF26 /* XCAChatGPTApp.swift */,
				8B612E2229D68CC9008DF5AF /* TextView.swift */,
				8B612E2329D68CC9008DF5AF /* TokenizerView.swift */,
				8B612E2429D68CC9008DF5AF /* TokenizerViewModel.swift */,
				8B91C007298AD09F0079AF26 /* Assets.xcassets */,
				8B91C009298AD09F0079AF26 /* Preview Content */,
			);
			path = XCAChatGPT;
			sourceTree = "<group>";
		};
		8B91C009298AD09F0079AF26 /* Preview Content */ = {
			isa = PBXGroup;
			children = (
				8B91C00A298AD09F0079AF26 /* Preview Assets.xcassets */,
			);
			path = "Preview Content";
			sourceTree = "<group>";
		};
/* End PBXGroup section */

/* Begin PBXNativeTarget section */
		8B057581298E52C000A56C9A /* Macaify */ = {
			isa = PBXNativeTarget;
			buildConfigurationList = 8B057590298E52C000A56C9A /* Build configuration list for PBXNativeTarget "Macaify" */;
			buildPhases = (
				8B05757E298E52C000A56C9A /* Sources */,
				8B05757F298E52C000A56C9A /* Frameworks */,
				8B057580298E52C000A56C9A /* Resources */,
			);
			buildRules = (
			);
			dependencies = (
			);
			name = Macaify;
			packageProductDependencies = (
				696B6B7129E16FF100845C71 /* KeyboardShortcuts */,
				696B6BB029EC424400845C71 /* MarkdownUI */,
				696B6BBC29F10A8000845C71 /* GPTEncoder */,
				696B6BCE29F418C200845C71 /* AlertToast */,
				69DEEE6C2A65B568009840C6 /* FirebaseAnalytics */,
				69DEEE6E2A65B568009840C6 /* FirebaseAnalyticsSwift */,
				69DEEE722A65B641009840C6 /* FirebaseCrashlytics */,
				6918587E2ACC35720029C065 /* Sparkle */,
			);
			productName = XCAChatGPTMac;
			productReference = 8B057582298E52C000A56C9A /* Macaify.app */;
			productType = "com.apple.product-type.application";
		};
		8B0575EA298FA9D800A56C9A /* XCAChatGPTWatch */ = {
			isa = PBXNativeTarget;
			buildConfigurationList = 8B057604298FA9DA00A56C9A /* Build configuration list for PBXNativeTarget "XCAChatGPTWatch" */;
			buildPhases = (
				8B0575E9298FA9D800A56C9A /* Resources */,
				8B057600298FA9DA00A56C9A /* Embed Watch Content */,
			);
			buildRules = (
			);
			dependencies = (
				8B0575F3298FA9D800A56C9A /* PBXTargetDependency */,
			);
			name = XCAChatGPTWatch;
			productName = XCAChatGPTWatch;
			productReference = 8B0575EB298FA9D800A56C9A /* XCAChatGPTWatch.app */;
			productType = "com.apple.product-type.application.watchapp2-container";
		};
		8B0575EF298FA9D800A56C9A /* XCAChatGPTWatch Watch App */ = {
			isa = PBXNativeTarget;
			buildConfigurationList = 8B057603298FA9DA00A56C9A /* Build configuration list for PBXNativeTarget "XCAChatGPTWatch Watch App" */;
			buildPhases = (
				8B0575EC298FA9D800A56C9A /* Sources */,
				8B0575ED298FA9D800A56C9A /* Frameworks */,
				8B0575EE298FA9D800A56C9A /* Resources */,
			);
			buildRules = (
			);
			dependencies = (
			);
			name = "XCAChatGPTWatch Watch App";
			packageProductDependencies = (
				696B6BB529EC428400845C71 /* MarkdownUI */,
			);
			productName = "XCAChatGPTWatch Watch App";
			productReference = 8B0575F0298FA9D800A56C9A /* XCAChatGPTWatch Watch App.app */;
			productType = "com.apple.product-type.application";
		};
		8B057610298FBDB600A56C9A /* XCAChatGPTTV */ = {
			isa = PBXNativeTarget;
			buildConfigurationList = 8B05761C298FBDB700A56C9A /* Build configuration list for PBXNativeTarget "XCAChatGPTTV" */;
			buildPhases = (
				8B05760D298FBDB600A56C9A /* Sources */,
				8B05760E298FBDB600A56C9A /* Frameworks */,
				8B05760F298FBDB600A56C9A /* Resources */,
			);
			buildRules = (
			);
			dependencies = (
			);
			name = XCAChatGPTTV;
			packageProductDependencies = (
				696B6BB229EC427800845C71 /* MarkdownUI */,
			);
			productName = XCAChatGPTTV;
			productReference = 8B057611298FBDB600A56C9A /* XCAChatGPTTV.app */;
			productType = "com.apple.product-type.application";
		};
		8B91BFFF298AD09E0079AF26 /* XCAChatGPT */ = {
			isa = PBXNativeTarget;
			buildConfigurationList = 8B91C00E298AD09F0079AF26 /* Build configuration list for PBXNativeTarget "XCAChatGPT" */;
			buildPhases = (
				8B91BFFC298AD09E0079AF26 /* Sources */,
				8B91BFFD298AD09E0079AF26 /* Frameworks */,
				8B91BFFE298AD09E0079AF26 /* Resources */,
			);
			buildRules = (
			);
			dependencies = (
			);
			name = XCAChatGPT;
			packageProductDependencies = (
				8B612E2929D68CE3008DF5AF /* GPTEncoder */,
				696B6B6A29E16F5900845C71 /* KeyboardShortcuts */,
				696B6BAE29EC41AF00845C71 /* MarkdownUI */,
				696B6BCC29F418B100845C71 /* AlertToast */,
				696B6BEA29FB77EC00845C71 /* ElegantEmojiPicker */,
				69DEEE682A65AA3B009840C6 /* FirebaseAnalytics */,
				69DEEE6A2A65AA3B009840C6 /* FirebaseAnalyticsSwift */,
			);
			productName = XCAChatGPT;
			productReference = 8B91C000298AD09E0079AF26 /* XCAChatGPT.app */;
			productType = "com.apple.product-type.application";
		};
/* End PBXNativeTarget section */

/* Begin PBXProject section */
		8B91BFF8298AD09E0079AF26 /* Project object */ = {
			isa = PBXProject;
			attributes = {
				BuildIndependentTargetsInParallel = 1;
				LastSwiftUpdateCheck = 1420;
				LastUpgradeCheck = 1420;
				TargetAttributes = {
					8B057581298E52C000A56C9A = {
						CreatedOnToolsVersion = 14.2;
					};
					8B0575EA298FA9D800A56C9A = {
						CreatedOnToolsVersion = 14.2;
					};
					8B0575EF298FA9D800A56C9A = {
						CreatedOnToolsVersion = 14.2;
					};
					8B057610298FBDB600A56C9A = {
						CreatedOnToolsVersion = 14.2;
					};
					8B91BFFF298AD09E0079AF26 = {
						CreatedOnToolsVersion = 14.2;
					};
				};
			};
			buildConfigurationList = 8B91BFFB298AD09E0079AF26 /* Build configuration list for PBXProject "XCAChatGPT" */;
			compatibilityVersion = "Xcode 14.0";
			developmentRegion = en;
			hasScannedForEncodings = 0;
			knownRegions = (
				en,
				Base,
				"zh-Hans",
			);
			mainGroup = 8B91BFF7298AD09E0079AF26;
			packageReferences = (
				8B612E2829D68CE3008DF5AF /* XCRemoteSwiftPackageReference "GPTEncoder" */,
				696B6B6929E16F5900845C71 /* XCRemoteSwiftPackageReference "KeyboardShortcuts" */,
				696B6BAD29EC41AF00845C71 /* XCRemoteSwiftPackageReference "swift-markdown-ui" */,
				696B6BCB29F418B100845C71 /* XCRemoteSwiftPackageReference "AlertToast" */,
				696B6BE929FB77EC00845C71 /* XCRemoteSwiftPackageReference "Elegant-Emoji-Picker" */,
				69DEEE672A65AA3B009840C6 /* XCRemoteSwiftPackageReference "firebase-ios-sdk" */,
				6918587D2ACC35720029C065 /* XCRemoteSwiftPackageReference "Sparkle" */,
			);
			productRefGroup = 8B91C001298AD09E0079AF26 /* Products */;
			projectDirPath = "";
			projectRoot = "";
			targets = (
				8B91BFFF298AD09E0079AF26 /* XCAChatGPT */,
				8B057581298E52C000A56C9A /* Macaify */,
				8B0575EA298FA9D800A56C9A /* XCAChatGPTWatch */,
				8B0575EF298FA9D800A56C9A /* XCAChatGPTWatch Watch App */,
				8B057610298FBDB600A56C9A /* XCAChatGPTTV */,
			);
		};
/* End PBXProject section */

/* Begin PBXResourcesBuildPhase section */
		8B057580298E52C000A56C9A /* Resources */ = {
			isa = PBXResourcesBuildPhase;
			buildActionMask = 2147483647;
			files = (
				698C5ADC2A14D85C007C046A /* Localizable.strings in Resources */,
				69DEEE662A65A86C009840C6 /* GoogleService-Info.plist in Resources */,
				69E1FA852A76926B0081D42A /* bard_response.json in Resources */,
				698C5AE12A14D94F007C046A /* Localizable.strings in Resources */,
				696B6BD129F447FF00845C71 /* prompts_zh.json in Resources */,
				8B05758C298E52C000A56C9A /* Preview Assets.xcassets in Resources */,
				8B057589298E52C000A56C9A /* Assets.xcassets in Resources */,
				696B6BFF29FB9AB200845C71 /* emoji_metadata.json in Resources */,
				698C5AE32A166ECB007C046A /* prompts.json in Resources */,
			);
			runOnlyForDeploymentPostprocessing = 0;
		};
		8B0575E9298FA9D800A56C9A /* Resources */ = {
			isa = PBXResourcesBuildPhase;
			buildActionMask = 2147483647;
			files = (
			);
			runOnlyForDeploymentPostprocessing = 0;
		};
		8B0575EE298FA9D800A56C9A /* Resources */ = {
			isa = PBXResourcesBuildPhase;
			buildActionMask = 2147483647;
			files = (
				8B0575FD298FA9DA00A56C9A /* Preview Assets.xcassets in Resources */,
				8B0575FA298FA9DA00A56C9A /* Assets.xcassets in Resources */,
			);
			runOnlyForDeploymentPostprocessing = 0;
		};
		8B05760F298FBDB600A56C9A /* Resources */ = {
			isa = PBXResourcesBuildPhase;
			buildActionMask = 2147483647;
			files = (
				8B05761B298FBDB700A56C9A /* Preview Assets.xcassets in Resources */,
				8B057618298FBDB700A56C9A /* Assets.xcassets in Resources */,
			);
			runOnlyForDeploymentPostprocessing = 0;
		};
		8B91BFFE298AD09E0079AF26 /* Resources */ = {
			isa = PBXResourcesBuildPhase;
			buildActionMask = 2147483647;
			files = (
				8B91C00B298AD09F0079AF26 /* Preview Assets.xcassets in Resources */,
				8B91C008298AD09F0079AF26 /* Assets.xcassets in Resources */,
			);
			runOnlyForDeploymentPostprocessing = 0;
		};
/* End PBXResourcesBuildPhase section */

/* Begin PBXSourcesBuildPhase section */
		8B05757E298E52C000A56C9A /* Sources */ = {
			isa = PBXSourcesBuildPhase;
			buildActionMask = 2147483647;
			files = (
				698C5AEA2A16ABA3007C046A /* KeyMonitorManager.swift in Sources */,
				696B6B6F29E16FA100845C71 /* HotKeyManager.swift in Sources */,
				696B6BF629FB969100845C71 /* EmojiData.swift in Sources */,
				696B6BBF29F1178900845C71 /* MessageExtension.swift in Sources */,
				696B6BFA29FB969100845C71 /* EmojiCategoryView.swift in Sources */,
				696B6B7429E1702500845C71 /* HotKeyConstants.swift in Sources */,
				696B6BCA29F23D4100845C71 /* AppQuickOpen.swift in Sources */,
				698C5AE62A1698A9007C046A /* LanguageOptions.swift in Sources */,
				696B6BE429FAE42900845C71 /* CommandKeyMonitor.swift in Sources */,
				698C5AD42A1093D2007C046A /* StartUpButtonStyle.swift in Sources */,
				696B6B9029E2907700845C71 /* Color.swift in Sources */,
				696B6B8529E18AF800845C71 /* ConversationPreferenceView.swift in Sources */,
				8B057597298E52DD00A56C9A /* MessageRow.swift in Sources */,
				696B6BD429F6A31800845C71 /* gptexpir.xcdatamodeld in Sources */,
				698C5AEC2A17BB0F007C046A /* PreferenceInitializerView.swift in Sources */,
				696B6CA02A01F14F00845C71 /* ConversationIconView.swift in Sources */,
				696B6B8E29E1D96800845C71 /* ChatView.swift in Sources */,
				8B057593298E52D900A56C9A /* ChatGPTAPI.swift in Sources */,
				696B6BF729FB969100845C71 /* Emoji.swift in Sources */,
				8B82463529B1F49F0069B8F7 /* ChatGPTAPIModels.swift in Sources */,
				696B6B8129E187B000845C71 /* AppInfo.swift in Sources */,
				696B6BAC29EC160700845C71 /* StartupPasteboardManager.swift in Sources */,
				696B6BA929EC055C00845C71 /* SelectedText.swift in Sources */,
				696B6B7B29E17A7C00845C71 /* ModelSelectionManager.swift in Sources */,
				696B6BC429F21B7600845C71 /* PromptStore.swift in Sources */,
				696B6B8B29E1A34A00845C71 /* ConversationViewModel.swift in Sources */,
				696B6BA329EB10E600845C71 /* KeyAction.swift in Sources */,
				696B6BF929FB969100845C71 /* EmojiPickerView.swift in Sources */,
				698C5AD22A108E09007C046A /* NewFeatureIntroductionView.swift in Sources */,
				696B6BA729EB29AD00845C71 /* PlainButton.swift in Sources */,
				696B6BA529EB26D900845C71 /* ConfigurableHeaderView.swift in Sources */,
				696B6B9729E2B2A700845C71 /* PurpleButtonStyle.swift in Sources */,
				696B6B7D29E17ABD00845C71 /* KeyboardShortcutManager.swift in Sources */,
				6918587C2ACC323B0029C065 /* CheckForUpdatesViewModel.swift in Sources */,
				696B6CA22A035A7100845C71 /* EmojiManager.swift in Sources */,
				696B6BC829F23C0B00845C71 /* QuickOpen.swift in Sources */,
				696B6BE129FAD8DB00845C71 /* CommandKeyView.swift in Sources */,
				8B057594298E52D900A56C9A /* ContentView.swift in Sources */,
				696B6B9229E29E3900845C71 /* Themes.swift in Sources */,
				696B6B9B29E67F3300845C71 /* MyTextField.swift in Sources */,
				696B6BA029EAD2E100845C71 /* KeyEvents.swift in Sources */,
				696B6B9D29E7CAFA00845C71 /* RoundedButtonStyle.swift in Sources */,
				696B6B8929E1953500845C71 /* MacContentView.swift in Sources */,
				696B6CA42A05F45700845C71 /* StringExtensions.swift in Sources */,
				696B6C0129FBA58100845C71 /* EmojiCategoryTabView.swift in Sources */,
				696B6BDD29F8A6B300845C71 /* DropdownView.swift in Sources */,
				696B6B8329E188B500845C71 /* DataManager.swift in Sources */,
				696B6BC229F219A800845C71 /* PromptPlayground.swift in Sources */,
				8B057592298E52D900A56C9A /* DotLoadingView.swift in Sources */,
				698C5ADA2A13D10B007C046A /* Utils.swift in Sources */,
				69E1FA7C2A7497390081D42A /* WindowManager.swift in Sources */,
				696B6BC629F21B9D00845C71 /* PromptTemplate.swift in Sources */,
				698C5ACF2A0F1D60007C046A /* Initializer.swift in Sources */,
				696B6BD629F6A33000845C71 /* Persistence.swift in Sources */,
				691858822ACC529D0029C065 /* CheckForUpdatesView.swift in Sources */,
				695C8A1F2A6A0DA600C621E2 /* MenuBarManager.swift in Sources */,
				696B6C9E2A01E63B00845C71 /* RecordManager.swift in Sources */,
				69E1FA832A768D5F0081D42A /* BardView.swift in Sources */,
				69E1FA8A2A76B0170081D42A /* SpotlightWindowController.swift in Sources */,
				698C5AD62A10AC08007C046A /* TypingInPlace.swift in Sources */,
				696B6B7F29E17D4B00845C71 /* APIKeyManager.swift in Sources */,
				695C8A2B2A6B892F00C621E2 /* MSection.swift in Sources */,
				696B6C0529FC9F8F00845C71 /* EmojiButtonStyle.swift in Sources */,
				696B6BE629FAE82F00845C71 /* GlobalConfig.swift in Sources */,
				69E1FA812A768C0F0081D42A /* BardStore.swift in Sources */,
				696B6BFD29FB976800845C71 /* EmojiPickerViewModel.swift in Sources */,
				696B6B7729E178D300845C71 /* MainView.swift in Sources */,
				69E1FA7E2A74AB6E0081D42A /* Bard.swift in Sources */,
				695C8A2F2A6BCCD000C621E2 /* Constants.swift in Sources */,
				8B057595298E52D900A56C9A /* MessageRowView.swift in Sources */,
				696B6C0329FBA7F300845C71 /* EmojiPickerPopoverView.swift in Sources */,
				696B6B7929E179BC00845C71 /* SettingView.swift in Sources */,
				8B057585298E52C000A56C9A /* XCAChatGPTMacApp.swift in Sources */,
				698C5AE82A16A719007C046A /* AppShortcuts.swift in Sources */,
				696B6BDB29F77B8700845C71 /* GPTAnswerExtensions.swift in Sources */,
				696B6BD929F6BA4100845C71 /* GPTConversationExtensions.swift in Sources */,
				696B6B9429E2AEA100845C71 /* CommandDetailView.swift in Sources */,
				696B6BF829FB969100845C71 /* EmojiSearchView.swift in Sources */,
				696B6B9929E400AF00845C71 /* InputEditor.swift in Sources */,
				69E1FA882A76AFF20081D42A /* KeyablePanel.swift in Sources */,
				696B6BDF29FAD22B00845C71 /* Globals.swift in Sources */,
				698C5AEE2A19C5EF007C046A /* StartUpView.swift in Sources */,
				8B057596298E52DD00A56C9A /* ViewModel.swift in Sources */,
				696B6B8729E1911300845C71 /* PathManager.swift in Sources */,
				696B6BB829EC4BE100845C71 /* MainViewModel.swift in Sources */,
				696B6BE829FAEB9C00845C71 /* KeyUtils.swift in Sources */,
			);
			runOnlyForDeploymentPostprocessing = 0;
		};
		8B0575EC298FA9D800A56C9A /* Sources */ = {
			isa = PBXSourcesBuildPhase;
			buildActionMask = 2147483647;
			files = (
				8B057608298FA9E900A56C9A /* DotLoadingView.swift in Sources */,
				8B057606298FA9E900A56C9A /* MessageRowView.swift in Sources */,
				8B82463629B1F49F0069B8F7 /* ChatGPTAPIModels.swift in Sources */,
				8B057609298FA9E900A56C9A /* MessageRow.swift in Sources */,
				8B057605298FA9E900A56C9A /* ContentView.swift in Sources */,
				8B05760A298FA9E900A56C9A /* ChatGPTAPI.swift in Sources */,
				8B057607298FA9E900A56C9A /* ViewModel.swift in Sources */,
				8B0575F6298FA9D800A56C9A /* XCAChatGPTWatchApp.swift in Sources */,
			);
			runOnlyForDeploymentPostprocessing = 0;
		};
		8B05760D298FBDB600A56C9A /* Sources */ = {
			isa = PBXSourcesBuildPhase;
			buildActionMask = 2147483647;
			files = (
				8B057621298FBE0400A56C9A /* MessageRow.swift in Sources */,
				8B057622298FBE0400A56C9A /* MessageRowView.swift in Sources */,
				8B82463729B1F49F0069B8F7 /* ChatGPTAPIModels.swift in Sources */,
				8B05761F298FBE0400A56C9A /* ChatGPTAPI.swift in Sources */,
				8B057623298FBE0400A56C9A /* DotLoadingView.swift in Sources */,
				8B057614298FBDB600A56C9A /* XCAChatGPTTVApp.swift in Sources */,
				8B05764829909A9200A56C9A /* ScrollView.swift in Sources */,
				8B057620298FBE0400A56C9A /* ContentView.swift in Sources */,
				8B057624298FBE0400A56C9A /* ViewModel.swift in Sources */,
			);
			runOnlyForDeploymentPostprocessing = 0;
		};
		8B91BFFC298AD09E0079AF26 /* Sources */ = {
			isa = PBXSourcesBuildPhase;
			buildActionMask = 2147483647;
			files = (
				8B91C012298AD0CE0079AF26 /* ChatGPTAPI.swift in Sources */,
				8B91C006298AD09E0079AF26 /* ContentView.swift in Sources */,
				8B612E2629D68CC9008DF5AF /* TokenizerView.swift in Sources */,
				8B612E2729D68CC9008DF5AF /* TokenizerViewModel.swift in Sources */,
				8B82463429B1F49F0069B8F7 /* ChatGPTAPIModels.swift in Sources */,
				8B91C014298ADC560079AF26 /* ViewModel.swift in Sources */,
				8B91C018298ADF4E0079AF26 /* DotLoadingView.swift in Sources */,
				8B91C004298AD09E0079AF26 /* XCAChatGPTApp.swift in Sources */,
				8B612E2529D68CC9008DF5AF /* TextView.swift in Sources */,
				8B91C01A298ADF7F0079AF26 /* MessageRowView.swift in Sources */,
				8B91C016298ADC9D0079AF26 /* MessageRow.swift in Sources */,
			);
			runOnlyForDeploymentPostprocessing = 0;
		};
/* End PBXSourcesBuildPhase section */

/* Begin PBXTargetDependency section */
		8B0575F3298FA9D800A56C9A /* PBXTargetDependency */ = {
			isa = PBXTargetDependency;
			target = 8B0575EF298FA9D800A56C9A /* XCAChatGPTWatch Watch App */;
			targetProxy = 8B0575F2298FA9D800A56C9A /* PBXContainerItemProxy */;
		};
/* End PBXTargetDependency section */

/* Begin PBXVariantGroup section */
		698C5ADF2A14D94F007C046A /* Localizable.strings */ = {
			isa = PBXVariantGroup;
			children = (
				698C5AE02A14D94F007C046A /* zh-Hans */,
			);
			name = Localizable.strings;
			sourceTree = "<group>";
		};
/* End PBXVariantGroup section */

/* Begin XCBuildConfiguration section */
		8B05758E298E52C000A56C9A /* Debug */ = {
			isa = XCBuildConfiguration;
			buildSettings = {
				ASSETCATALOG_COMPILER_APPICON_NAME = AppIcon;
				ASSETCATALOG_COMPILER_GLOBAL_ACCENT_COLOR_NAME = AccentColor;
				ASSETCATALOG_COMPILER_INCLUDE_ALL_APPICON_ASSETS = YES;
				CODE_SIGN_ENTITLEMENTS = XCAChatGPTMac/XCAChatGPTMac.entitlements;
				CODE_SIGN_STYLE = Automatic;
				COMBINE_HIDPI_IMAGES = YES;
				CURRENT_PROJECT_VERSION = 1;
				DEVELOPMENT_ASSET_PATHS = "\"XCAChatGPTMac/Preview Content\"";
				DEVELOPMENT_TEAM = JDZMWLF652;
				ENABLE_HARDENED_RUNTIME = YES;
				ENABLE_PREVIEWS = YES;
				GENERATE_INFOPLIST_FILE = YES;
				INFOPLIST_FILE = "Found-Info.plist";
				INFOPLIST_KEY_CFBundleDisplayName = Macaify;
				INFOPLIST_KEY_LSApplicationCategoryType = "public.app-category.productivity";
				INFOPLIST_KEY_NSHumanReadableCopyright = "";
				LD_RUNPATH_SEARCH_PATHS = (
					"$(inherited)",
					"@executable_path/../Frameworks",
				);
				MACOSX_DEPLOYMENT_TARGET = 12.0;
				MARKETING_VERSION = 1.1;
				PRODUCT_BUNDLE_IDENTIFIER = com.antiless.macaify.mac;
				PRODUCT_NAME = Macaify;
				SDKROOT = macosx;
				SWIFT_EMIT_LOC_STRINGS = YES;
				SWIFT_VERSION = 5.0;
			};
			name = Debug;
		};
		8B05758F298E52C000A56C9A /* Release */ = {
			isa = XCBuildConfiguration;
			buildSettings = {
				ASSETCATALOG_COMPILER_APPICON_NAME = AppIcon;
				ASSETCATALOG_COMPILER_GLOBAL_ACCENT_COLOR_NAME = AccentColor;
				ASSETCATALOG_COMPILER_INCLUDE_ALL_APPICON_ASSETS = YES;
				CODE_SIGN_ENTITLEMENTS = XCAChatGPTMac/XCAChatGPTMac.entitlements;
				CODE_SIGN_STYLE = Automatic;
				COMBINE_HIDPI_IMAGES = YES;
				CURRENT_PROJECT_VERSION = 1;
				DEVELOPMENT_ASSET_PATHS = "\"XCAChatGPTMac/Preview Content\"";
				DEVELOPMENT_TEAM = JDZMWLF652;
				ENABLE_HARDENED_RUNTIME = YES;
				ENABLE_PREVIEWS = YES;
				GENERATE_INFOPLIST_FILE = YES;
				INFOPLIST_FILE = "Found-Info.plist";
				INFOPLIST_KEY_CFBundleDisplayName = Macaify;
				INFOPLIST_KEY_LSApplicationCategoryType = "public.app-category.productivity";
				INFOPLIST_KEY_NSHumanReadableCopyright = "";
				LD_RUNPATH_SEARCH_PATHS = (
					"$(inherited)",
					"@executable_path/../Frameworks",
				);
				MACOSX_DEPLOYMENT_TARGET = 12.0;
				MARKETING_VERSION = 1.1;
				PRODUCT_BUNDLE_IDENTIFIER = com.antiless.macaify.mac;
				PRODUCT_NAME = Macaify;
				SDKROOT = macosx;
				SWIFT_EMIT_LOC_STRINGS = YES;
				SWIFT_VERSION = 5.0;
			};
			name = Release;
		};
		8B0575FE298FA9DA00A56C9A /* Debug */ = {
			isa = XCBuildConfiguration;
			buildSettings = {
				ALWAYS_EMBED_SWIFT_STANDARD_LIBRARIES = YES;
				CODE_SIGN_STYLE = Automatic;
				CURRENT_PROJECT_VERSION = 1;
				DEVELOPMENT_TEAM = 5C2XD9H2JS;
				INFOPLIST_KEY_CFBundleDisplayName = XCAChatGPTWatch;
				MARKETING_VERSION = 1.0;
				PRODUCT_BUNDLE_IDENTIFIER = com.alfianlosari.XCAChatGPTWatch;
				PRODUCT_NAME = "$(TARGET_NAME)";
				SWIFT_VERSION = 5.0;
			};
			name = Debug;
		};
		8B0575FF298FA9DA00A56C9A /* Release */ = {
			isa = XCBuildConfiguration;
			buildSettings = {
				ALWAYS_EMBED_SWIFT_STANDARD_LIBRARIES = YES;
				CODE_SIGN_STYLE = Automatic;
				CURRENT_PROJECT_VERSION = 1;
				DEVELOPMENT_TEAM = 5C2XD9H2JS;
				INFOPLIST_KEY_CFBundleDisplayName = XCAChatGPTWatch;
				MARKETING_VERSION = 1.0;
				PRODUCT_BUNDLE_IDENTIFIER = com.alfianlosari.XCAChatGPTWatch;
				PRODUCT_NAME = "$(TARGET_NAME)";
				SWIFT_VERSION = 5.0;
			};
			name = Release;
		};
		8B057601298FA9DA00A56C9A /* Debug */ = {
			isa = XCBuildConfiguration;
			buildSettings = {
				ASSETCATALOG_COMPILER_APPICON_NAME = AppIcon;
				ASSETCATALOG_COMPILER_GLOBAL_ACCENT_COLOR_NAME = AccentColor;
				CODE_SIGN_STYLE = Automatic;
				CURRENT_PROJECT_VERSION = 1;
				DEVELOPMENT_ASSET_PATHS = "\"XCAChatGPTWatch Watch App/Preview Content\"";
				DEVELOPMENT_TEAM = 5C2XD9H2JS;
				ENABLE_PREVIEWS = YES;
				GENERATE_INFOPLIST_FILE = YES;
				INFOPLIST_FILE = "XCAChatGPTWatch-Watch-App-Info.plist";
				INFOPLIST_KEY_CFBundleDisplayName = XCAChatGPTWatch;
				INFOPLIST_KEY_UISupportedInterfaceOrientations = "UIInterfaceOrientationPortrait UIInterfaceOrientationPortraitUpsideDown";
				INFOPLIST_KEY_WKWatchOnly = YES;
				LD_RUNPATH_SEARCH_PATHS = (
					"$(inherited)",
					"@executable_path/Frameworks",
				);
				MARKETING_VERSION = 1.0;
				PRODUCT_BUNDLE_IDENTIFIER = com.alfianlosari.XCAChatGPTWatch.watchkitapp;
				PRODUCT_NAME = "$(TARGET_NAME)";
				SDKROOT = watchos;
				SKIP_INSTALL = YES;
				SWIFT_EMIT_LOC_STRINGS = YES;
				SWIFT_VERSION = 5.0;
				TARGETED_DEVICE_FAMILY = 4;
				WATCHOS_DEPLOYMENT_TARGET = 9.1;
			};
			name = Debug;
		};
		8B057602298FA9DA00A56C9A /* Release */ = {
			isa = XCBuildConfiguration;
			buildSettings = {
				ASSETCATALOG_COMPILER_APPICON_NAME = AppIcon;
				ASSETCATALOG_COMPILER_GLOBAL_ACCENT_COLOR_NAME = AccentColor;
				CODE_SIGN_STYLE = Automatic;
				CURRENT_PROJECT_VERSION = 1;
				DEVELOPMENT_ASSET_PATHS = "\"XCAChatGPTWatch Watch App/Preview Content\"";
				DEVELOPMENT_TEAM = 5C2XD9H2JS;
				ENABLE_PREVIEWS = YES;
				GENERATE_INFOPLIST_FILE = YES;
				INFOPLIST_FILE = "XCAChatGPTWatch-Watch-App-Info.plist";
				INFOPLIST_KEY_CFBundleDisplayName = XCAChatGPTWatch;
				INFOPLIST_KEY_UISupportedInterfaceOrientations = "UIInterfaceOrientationPortrait UIInterfaceOrientationPortraitUpsideDown";
				INFOPLIST_KEY_WKWatchOnly = YES;
				LD_RUNPATH_SEARCH_PATHS = (
					"$(inherited)",
					"@executable_path/Frameworks",
				);
				MARKETING_VERSION = 1.0;
				PRODUCT_BUNDLE_IDENTIFIER = com.alfianlosari.XCAChatGPTWatch.watchkitapp;
				PRODUCT_NAME = "$(TARGET_NAME)";
				SDKROOT = watchos;
				SKIP_INSTALL = YES;
				SWIFT_EMIT_LOC_STRINGS = YES;
				SWIFT_VERSION = 5.0;
				TARGETED_DEVICE_FAMILY = 4;
				WATCHOS_DEPLOYMENT_TARGET = 9.1;
			};
			name = Release;
		};
		8B05761D298FBDB700A56C9A /* Debug */ = {
			isa = XCBuildConfiguration;
			buildSettings = {
				ASSETCATALOG_COMPILER_APPICON_NAME = "App Icon & Top Shelf Image";
				ASSETCATALOG_COMPILER_GLOBAL_ACCENT_COLOR_NAME = AccentColor;
				CODE_SIGN_STYLE = Automatic;
				CURRENT_PROJECT_VERSION = 1;
				DEVELOPMENT_ASSET_PATHS = "\"XCAChatGPTTV/Preview Content\"";
				DEVELOPMENT_TEAM = 5C2XD9H2JS;
				ENABLE_PREVIEWS = YES;
				GENERATE_INFOPLIST_FILE = YES;
				INFOPLIST_KEY_UILaunchScreen_Generation = YES;
				INFOPLIST_KEY_UIUserInterfaceStyle = Automatic;
				LD_RUNPATH_SEARCH_PATHS = (
					"$(inherited)",
					"@executable_path/Frameworks",
				);
				MARKETING_VERSION = 1.0;
				PRODUCT_BUNDLE_IDENTIFIER = com.alfianlosari.XCAChatGPTTV;
				PRODUCT_NAME = "$(TARGET_NAME)";
				SDKROOT = appletvos;
				SWIFT_EMIT_LOC_STRINGS = YES;
				SWIFT_VERSION = 5.0;
				TARGETED_DEVICE_FAMILY = 3;
				TVOS_DEPLOYMENT_TARGET = 16.1;
			};
			name = Debug;
		};
		8B05761E298FBDB700A56C9A /* Release */ = {
			isa = XCBuildConfiguration;
			buildSettings = {
				ASSETCATALOG_COMPILER_APPICON_NAME = "App Icon & Top Shelf Image";
				ASSETCATALOG_COMPILER_GLOBAL_ACCENT_COLOR_NAME = AccentColor;
				CODE_SIGN_STYLE = Automatic;
				CURRENT_PROJECT_VERSION = 1;
				DEVELOPMENT_ASSET_PATHS = "\"XCAChatGPTTV/Preview Content\"";
				DEVELOPMENT_TEAM = 5C2XD9H2JS;
				ENABLE_PREVIEWS = YES;
				GENERATE_INFOPLIST_FILE = YES;
				INFOPLIST_KEY_UILaunchScreen_Generation = YES;
				INFOPLIST_KEY_UIUserInterfaceStyle = Automatic;
				LD_RUNPATH_SEARCH_PATHS = (
					"$(inherited)",
					"@executable_path/Frameworks",
				);
				MARKETING_VERSION = 1.0;
				PRODUCT_BUNDLE_IDENTIFIER = com.alfianlosari.XCAChatGPTTV;
				PRODUCT_NAME = "$(TARGET_NAME)";
				SDKROOT = appletvos;
				SWIFT_EMIT_LOC_STRINGS = YES;
				SWIFT_VERSION = 5.0;
				TARGETED_DEVICE_FAMILY = 3;
				TVOS_DEPLOYMENT_TARGET = 16.1;
			};
			name = Release;
		};
		8B91C00C298AD09F0079AF26 /* Debug */ = {
			isa = XCBuildConfiguration;
			buildSettings = {
				ALWAYS_SEARCH_USER_PATHS = NO;
				CLANG_ANALYZER_NONNULL = YES;
				CLANG_ANALYZER_NUMBER_OBJECT_CONVERSION = YES_AGGRESSIVE;
				CLANG_CXX_LANGUAGE_STANDARD = "gnu++20";
				CLANG_ENABLE_MODULES = YES;
				CLANG_ENABLE_OBJC_ARC = YES;
				CLANG_ENABLE_OBJC_WEAK = YES;
				CLANG_WARN_BLOCK_CAPTURE_AUTORELEASING = YES;
				CLANG_WARN_BOOL_CONVERSION = YES;
				CLANG_WARN_COMMA = YES;
				CLANG_WARN_CONSTANT_CONVERSION = YES;
				CLANG_WARN_DEPRECATED_OBJC_IMPLEMENTATIONS = YES;
				CLANG_WARN_DIRECT_OBJC_ISA_USAGE = YES_ERROR;
				CLANG_WARN_DOCUMENTATION_COMMENTS = YES;
				CLANG_WARN_EMPTY_BODY = YES;
				CLANG_WARN_ENUM_CONVERSION = YES;
				CLANG_WARN_INFINITE_RECURSION = YES;
				CLANG_WARN_INT_CONVERSION = YES;
				CLANG_WARN_NON_LITERAL_NULL_CONVERSION = YES;
				CLANG_WARN_OBJC_IMPLICIT_RETAIN_SELF = YES;
				CLANG_WARN_OBJC_LITERAL_CONVERSION = YES;
				CLANG_WARN_OBJC_ROOT_CLASS = YES_ERROR;
				CLANG_WARN_QUOTED_INCLUDE_IN_FRAMEWORK_HEADER = YES;
				CLANG_WARN_RANGE_LOOP_ANALYSIS = YES;
				CLANG_WARN_STRICT_PROTOTYPES = YES;
				CLANG_WARN_SUSPICIOUS_MOVE = YES;
				CLANG_WARN_UNGUARDED_AVAILABILITY = YES_AGGRESSIVE;
				CLANG_WARN_UNREACHABLE_CODE = YES;
				CLANG_WARN__DUPLICATE_METHOD_MATCH = YES;
				COPY_PHASE_STRIP = NO;
				DEBUG_INFORMATION_FORMAT = dwarf;
				ENABLE_STRICT_OBJC_MSGSEND = YES;
				ENABLE_TESTABILITY = YES;
				GCC_C_LANGUAGE_STANDARD = gnu11;
				GCC_DYNAMIC_NO_PIC = NO;
				GCC_NO_COMMON_BLOCKS = YES;
				GCC_OPTIMIZATION_LEVEL = 0;
				GCC_PREPROCESSOR_DEFINITIONS = (
					"DEBUG=1",
					"$(inherited)",
				);
				GCC_WARN_64_TO_32_BIT_CONVERSION = YES;
				GCC_WARN_ABOUT_RETURN_TYPE = YES_ERROR;
				GCC_WARN_UNDECLARED_SELECTOR = YES;
				GCC_WARN_UNINITIALIZED_AUTOS = YES_AGGRESSIVE;
				GCC_WARN_UNUSED_FUNCTION = YES;
				GCC_WARN_UNUSED_VARIABLE = YES;
				IPHONEOS_DEPLOYMENT_TARGET = 16.2;
				MTL_ENABLE_DEBUG_INFO = INCLUDE_SOURCE;
				MTL_FAST_MATH = YES;
				ONLY_ACTIVE_ARCH = YES;
				PRODUCT_NAME = Macaify;
				SDKROOT = iphoneos;
				SWIFT_ACTIVE_COMPILATION_CONDITIONS = DEBUG;
				SWIFT_OPTIMIZATION_LEVEL = "-Onone";
			};
			name = Debug;
		};
		8B91C00D298AD09F0079AF26 /* Release */ = {
			isa = XCBuildConfiguration;
			buildSettings = {
				ALWAYS_SEARCH_USER_PATHS = NO;
				CLANG_ANALYZER_NONNULL = YES;
				CLANG_ANALYZER_NUMBER_OBJECT_CONVERSION = YES_AGGRESSIVE;
				CLANG_CXX_LANGUAGE_STANDARD = "gnu++20";
				CLANG_ENABLE_MODULES = YES;
				CLANG_ENABLE_OBJC_ARC = YES;
				CLANG_ENABLE_OBJC_WEAK = YES;
				CLANG_WARN_BLOCK_CAPTURE_AUTORELEASING = YES;
				CLANG_WARN_BOOL_CONVERSION = YES;
				CLANG_WARN_COMMA = YES;
				CLANG_WARN_CONSTANT_CONVERSION = YES;
				CLANG_WARN_DEPRECATED_OBJC_IMPLEMENTATIONS = YES;
				CLANG_WARN_DIRECT_OBJC_ISA_USAGE = YES_ERROR;
				CLANG_WARN_DOCUMENTATION_COMMENTS = YES;
				CLANG_WARN_EMPTY_BODY = YES;
				CLANG_WARN_ENUM_CONVERSION = YES;
				CLANG_WARN_INFINITE_RECURSION = YES;
				CLANG_WARN_INT_CONVERSION = YES;
				CLANG_WARN_NON_LITERAL_NULL_CONVERSION = YES;
				CLANG_WARN_OBJC_IMPLICIT_RETAIN_SELF = YES;
				CLANG_WARN_OBJC_LITERAL_CONVERSION = YES;
				CLANG_WARN_OBJC_ROOT_CLASS = YES_ERROR;
				CLANG_WARN_QUOTED_INCLUDE_IN_FRAMEWORK_HEADER = YES;
				CLANG_WARN_RANGE_LOOP_ANALYSIS = YES;
				CLANG_WARN_STRICT_PROTOTYPES = YES;
				CLANG_WARN_SUSPICIOUS_MOVE = YES;
				CLANG_WARN_UNGUARDED_AVAILABILITY = YES_AGGRESSIVE;
				CLANG_WARN_UNREACHABLE_CODE = YES;
				CLANG_WARN__DUPLICATE_METHOD_MATCH = YES;
				COPY_PHASE_STRIP = NO;
				DEBUG_INFORMATION_FORMAT = "dwarf-with-dsym";
				ENABLE_NS_ASSERTIONS = NO;
				ENABLE_STRICT_OBJC_MSGSEND = YES;
				GCC_C_LANGUAGE_STANDARD = gnu11;
				GCC_NO_COMMON_BLOCKS = YES;
				GCC_WARN_64_TO_32_BIT_CONVERSION = YES;
				GCC_WARN_ABOUT_RETURN_TYPE = YES_ERROR;
				GCC_WARN_UNDECLARED_SELECTOR = YES;
				GCC_WARN_UNINITIALIZED_AUTOS = YES_AGGRESSIVE;
				GCC_WARN_UNUSED_FUNCTION = YES;
				GCC_WARN_UNUSED_VARIABLE = YES;
				IPHONEOS_DEPLOYMENT_TARGET = 16.2;
				MTL_ENABLE_DEBUG_INFO = NO;
				MTL_FAST_MATH = YES;
				PRODUCT_NAME = Macaify;
				SDKROOT = iphoneos;
				SWIFT_COMPILATION_MODE = wholemodule;
				SWIFT_OPTIMIZATION_LEVEL = "-O";
				VALIDATE_PRODUCT = YES;
			};
			name = Release;
		};
		8B91C00F298AD09F0079AF26 /* Debug */ = {
			isa = XCBuildConfiguration;
			buildSettings = {
				ASSETCATALOG_COMPILER_APPICON_NAME = AppIcon;
				ASSETCATALOG_COMPILER_GLOBAL_ACCENT_COLOR_NAME = AccentColor;
				CODE_SIGN_STYLE = Automatic;
				CURRENT_PROJECT_VERSION = 1;
				DEVELOPMENT_ASSET_PATHS = "\"XCAChatGPT/Preview Content\"";
				DEVELOPMENT_TEAM = JR3AZ5PXVT;
				ENABLE_PREVIEWS = YES;
				GENERATE_INFOPLIST_FILE = YES;
				INFOPLIST_KEY_UIApplicationSceneManifest_Generation = YES;
				INFOPLIST_KEY_UIApplicationSupportsIndirectInputEvents = YES;
				INFOPLIST_KEY_UILaunchScreen_Generation = YES;
				INFOPLIST_KEY_UISupportedInterfaceOrientations_iPad = "UIInterfaceOrientationPortrait UIInterfaceOrientationPortraitUpsideDown UIInterfaceOrientationLandscapeLeft UIInterfaceOrientationLandscapeRight";
				INFOPLIST_KEY_UISupportedInterfaceOrientations_iPhone = "UIInterfaceOrientationPortrait UIInterfaceOrientationLandscapeLeft UIInterfaceOrientationLandscapeRight";
				LD_RUNPATH_SEARCH_PATHS = (
					"$(inherited)",
					"@executable_path/Frameworks",
				);
				MARKETING_VERSION = 1.0;
				PRODUCT_BUNDLE_IDENTIFIER = com.antiless.found;
				PRODUCT_NAME = "$(TARGET_NAME)";
				SWIFT_EMIT_LOC_STRINGS = YES;
				SWIFT_VERSION = 5.0;
				TARGETED_DEVICE_FAMILY = "1,2";
			};
			name = Debug;
		};
		8B91C010298AD09F0079AF26 /* Release */ = {
			isa = XCBuildConfiguration;
			buildSettings = {
				ASSETCATALOG_COMPILER_APPICON_NAME = AppIcon;
				ASSETCATALOG_COMPILER_GLOBAL_ACCENT_COLOR_NAME = AccentColor;
				CODE_SIGN_STYLE = Automatic;
				CURRENT_PROJECT_VERSION = 1;
				DEVELOPMENT_ASSET_PATHS = "\"XCAChatGPT/Preview Content\"";
				DEVELOPMENT_TEAM = JR3AZ5PXVT;
				ENABLE_PREVIEWS = YES;
				GENERATE_INFOPLIST_FILE = YES;
				INFOPLIST_KEY_UIApplicationSceneManifest_Generation = YES;
				INFOPLIST_KEY_UIApplicationSupportsIndirectInputEvents = YES;
				INFOPLIST_KEY_UILaunchScreen_Generation = YES;
				INFOPLIST_KEY_UISupportedInterfaceOrientations_iPad = "UIInterfaceOrientationPortrait UIInterfaceOrientationPortraitUpsideDown UIInterfaceOrientationLandscapeLeft UIInterfaceOrientationLandscapeRight";
				INFOPLIST_KEY_UISupportedInterfaceOrientations_iPhone = "UIInterfaceOrientationPortrait UIInterfaceOrientationLandscapeLeft UIInterfaceOrientationLandscapeRight";
				LD_RUNPATH_SEARCH_PATHS = (
					"$(inherited)",
					"@executable_path/Frameworks",
				);
				MARKETING_VERSION = 1.0;
				PRODUCT_BUNDLE_IDENTIFIER = com.antiless.found;
				PRODUCT_NAME = "$(TARGET_NAME)";
				SWIFT_EMIT_LOC_STRINGS = YES;
				SWIFT_VERSION = 5.0;
				TARGETED_DEVICE_FAMILY = "1,2";
			};
			name = Release;
		};
/* End XCBuildConfiguration section */

/* Begin XCConfigurationList section */
		8B057590298E52C000A56C9A /* Build configuration list for PBXNativeTarget "Macaify" */ = {
			isa = XCConfigurationList;
			buildConfigurations = (
				8B05758E298E52C000A56C9A /* Debug */,
				8B05758F298E52C000A56C9A /* Release */,
			);
			defaultConfigurationIsVisible = 0;
			defaultConfigurationName = Release;
		};
		8B057603298FA9DA00A56C9A /* Build configuration list for PBXNativeTarget "XCAChatGPTWatch Watch App" */ = {
			isa = XCConfigurationList;
			buildConfigurations = (
				8B057601298FA9DA00A56C9A /* Debug */,
				8B057602298FA9DA00A56C9A /* Release */,
			);
			defaultConfigurationIsVisible = 0;
			defaultConfigurationName = Release;
		};
		8B057604298FA9DA00A56C9A /* Build configuration list for PBXNativeTarget "XCAChatGPTWatch" */ = {
			isa = XCConfigurationList;
			buildConfigurations = (
				8B0575FE298FA9DA00A56C9A /* Debug */,
				8B0575FF298FA9DA00A56C9A /* Release */,
			);
			defaultConfigurationIsVisible = 0;
			defaultConfigurationName = Release;
		};
		8B05761C298FBDB700A56C9A /* Build configuration list for PBXNativeTarget "XCAChatGPTTV" */ = {
			isa = XCConfigurationList;
			buildConfigurations = (
				8B05761D298FBDB700A56C9A /* Debug */,
				8B05761E298FBDB700A56C9A /* Release */,
			);
			defaultConfigurationIsVisible = 0;
			defaultConfigurationName = Release;
		};
		8B91BFFB298AD09E0079AF26 /* Build configuration list for PBXProject "XCAChatGPT" */ = {
			isa = XCConfigurationList;
			buildConfigurations = (
				8B91C00C298AD09F0079AF26 /* Debug */,
				8B91C00D298AD09F0079AF26 /* Release */,
			);
			defaultConfigurationIsVisible = 0;
			defaultConfigurationName = Release;
		};
		8B91C00E298AD09F0079AF26 /* Build configuration list for PBXNativeTarget "XCAChatGPT" */ = {
			isa = XCConfigurationList;
			buildConfigurations = (
				8B91C00F298AD09F0079AF26 /* Debug */,
				8B91C010298AD09F0079AF26 /* Release */,
			);
			defaultConfigurationIsVisible = 0;
			defaultConfigurationName = Release;
		};
/* End XCConfigurationList section */

/* Begin XCRemoteSwiftPackageReference section */
		6918587D2ACC35720029C065 /* XCRemoteSwiftPackageReference "Sparkle" */ = {
			isa = XCRemoteSwiftPackageReference;
			repositoryURL = "https://github.com/sparkle-project/Sparkle";
			requirement = {
				kind = exactVersion;
				version = 2.0.0;
			};
		};
		696B6B6929E16F5900845C71 /* XCRemoteSwiftPackageReference "KeyboardShortcuts" */ = {
			isa = XCRemoteSwiftPackageReference;
			repositoryURL = "https://github.com/sindresorhus/KeyboardShortcuts";
			requirement = {
				branch = main;
				kind = branch;
			};
		};
		696B6BAD29EC41AF00845C71 /* XCRemoteSwiftPackageReference "swift-markdown-ui" */ = {
			isa = XCRemoteSwiftPackageReference;
			repositoryURL = "https://github.com/gonzalezreal/swift-markdown-ui";
			requirement = {
				kind = upToNextMajorVersion;
				minimumVersion = 2.0.0;
			};
		};
		696B6BCB29F418B100845C71 /* XCRemoteSwiftPackageReference "AlertToast" */ = {
			isa = XCRemoteSwiftPackageReference;
			repositoryURL = "https://github.com/elai950/AlertToast";
			requirement = {
				kind = upToNextMajorVersion;
				minimumVersion = 1.0.0;
			};
		};
		696B6BE929FB77EC00845C71 /* XCRemoteSwiftPackageReference "Elegant-Emoji-Picker" */ = {
			isa = XCRemoteSwiftPackageReference;
			repositoryURL = "https://github.com/Finalet/Elegant-Emoji-Picker";
			requirement = {
				branch = main;
				kind = branch;
			};
		};
		69DEEE672A65AA3B009840C6 /* XCRemoteSwiftPackageReference "firebase-ios-sdk" */ = {
			isa = XCRemoteSwiftPackageReference;
			repositoryURL = "https://github.com/firebase/firebase-ios-sdk";
			requirement = {
				kind = upToNextMajorVersion;
				minimumVersion = 9.0.0;
			};
		};
		8B612E2829D68CE3008DF5AF /* XCRemoteSwiftPackageReference "GPTEncoder" */ = {
			isa = XCRemoteSwiftPackageReference;
			repositoryURL = "https://github.com/alfianlosari/GPTEncoder.git";
			requirement = {
				kind = upToNextMajorVersion;
				minimumVersion = 1.0.0;
			};
		};
/* End XCRemoteSwiftPackageReference section */

/* Begin XCSwiftPackageProductDependency section */
		6918587E2ACC35720029C065 /* Sparkle */ = {
			isa = XCSwiftPackageProductDependency;
			package = 6918587D2ACC35720029C065 /* XCRemoteSwiftPackageReference "Sparkle" */;
			productName = Sparkle;
		};
		696B6B6A29E16F5900845C71 /* KeyboardShortcuts */ = {
			isa = XCSwiftPackageProductDependency;
			package = 696B6B6929E16F5900845C71 /* XCRemoteSwiftPackageReference "KeyboardShortcuts" */;
			productName = KeyboardShortcuts;
		};
		696B6B7129E16FF100845C71 /* KeyboardShortcuts */ = {
			isa = XCSwiftPackageProductDependency;
			package = 696B6B6929E16F5900845C71 /* XCRemoteSwiftPackageReference "KeyboardShortcuts" */;
			productName = KeyboardShortcuts;
		};
		696B6BAE29EC41AF00845C71 /* MarkdownUI */ = {
			isa = XCSwiftPackageProductDependency;
			package = 696B6BAD29EC41AF00845C71 /* XCRemoteSwiftPackageReference "swift-markdown-ui" */;
			productName = MarkdownUI;
		};
		696B6BB029EC424400845C71 /* MarkdownUI */ = {
			isa = XCSwiftPackageProductDependency;
			package = 696B6BAD29EC41AF00845C71 /* XCRemoteSwiftPackageReference "swift-markdown-ui" */;
			productName = MarkdownUI;
		};
		696B6BB229EC427800845C71 /* MarkdownUI */ = {
			isa = XCSwiftPackageProductDependency;
			package = 696B6BAD29EC41AF00845C71 /* XCRemoteSwiftPackageReference "swift-markdown-ui" */;
			productName = MarkdownUI;
		};
		696B6BB529EC428400845C71 /* MarkdownUI */ = {
			isa = XCSwiftPackageProductDependency;
			package = 696B6BAD29EC41AF00845C71 /* XCRemoteSwiftPackageReference "swift-markdown-ui" */;
			productName = MarkdownUI;
		};
		696B6BBC29F10A8000845C71 /* GPTEncoder */ = {
			isa = XCSwiftPackageProductDependency;
			package = 8B612E2829D68CE3008DF5AF /* XCRemoteSwiftPackageReference "GPTEncoder" */;
			productName = GPTEncoder;
		};
		696B6BCC29F418B100845C71 /* AlertToast */ = {
			isa = XCSwiftPackageProductDependency;
			package = 696B6BCB29F418B100845C71 /* XCRemoteSwiftPackageReference "AlertToast" */;
			productName = AlertToast;
		};
		696B6BCE29F418C200845C71 /* AlertToast */ = {
			isa = XCSwiftPackageProductDependency;
			package = 696B6BCB29F418B100845C71 /* XCRemoteSwiftPackageReference "AlertToast" */;
			productName = AlertToast;
		};
		696B6BEA29FB77EC00845C71 /* ElegantEmojiPicker */ = {
			isa = XCSwiftPackageProductDependency;
			package = 696B6BE929FB77EC00845C71 /* XCRemoteSwiftPackageReference "Elegant-Emoji-Picker" */;
			productName = ElegantEmojiPicker;
		};
		69DEEE682A65AA3B009840C6 /* FirebaseAnalytics */ = {
			isa = XCSwiftPackageProductDependency;
			package = 69DEEE672A65AA3B009840C6 /* XCRemoteSwiftPackageReference "firebase-ios-sdk" */;
			productName = FirebaseAnalytics;
		};
		69DEEE6A2A65AA3B009840C6 /* FirebaseAnalyticsSwift */ = {
			isa = XCSwiftPackageProductDependency;
			package = 69DEEE672A65AA3B009840C6 /* XCRemoteSwiftPackageReference "firebase-ios-sdk" */;
			productName = FirebaseAnalyticsSwift;
		};
		69DEEE6C2A65B568009840C6 /* FirebaseAnalytics */ = {
			isa = XCSwiftPackageProductDependency;
			package = 69DEEE672A65AA3B009840C6 /* XCRemoteSwiftPackageReference "firebase-ios-sdk" */;
			productName = FirebaseAnalytics;
		};
		69DEEE6E2A65B568009840C6 /* FirebaseAnalyticsSwift */ = {
			isa = XCSwiftPackageProductDependency;
			package = 69DEEE672A65AA3B009840C6 /* XCRemoteSwiftPackageReference "firebase-ios-sdk" */;
			productName = FirebaseAnalyticsSwift;
		};
		69DEEE722A65B641009840C6 /* FirebaseCrashlytics */ = {
			isa = XCSwiftPackageProductDependency;
			package = 69DEEE672A65AA3B009840C6 /* XCRemoteSwiftPackageReference "firebase-ios-sdk" */;
			productName = FirebaseCrashlytics;
		};
		8B612E2929D68CE3008DF5AF /* GPTEncoder */ = {
			isa = XCSwiftPackageProductDependency;
			package = 8B612E2829D68CE3008DF5AF /* XCRemoteSwiftPackageReference "GPTEncoder" */;
			productName = GPTEncoder;
		};
/* End XCSwiftPackageProductDependency section */

/* Begin XCVersionGroup section */
		696B6BD229F6A31700845C71 /* gptexpir.xcdatamodeld */ = {
			isa = XCVersionGroup;
			children = (
				696B6BD329F6A31700845C71 /* gptexpir.xcdatamodel */,
			);
			currentVersion = 696B6BD329F6A31700845C71 /* gptexpir.xcdatamodel */;
			path = gptexpir.xcdatamodeld;
			sourceTree = "<group>";
			versionGroupType = wrapper.xcdatamodel;
		};
/* End XCVersionGroup section */
	};
	rootObject = 8B91BFF8298AD09E0079AF26 /* Project object */;
}
